// !$*UTF8*$!
{
	archiveVersion = 1;
	classes = {
	};
	objectVersion = 46;
	objects = {

/* Begin PBXBuildFile section */
		3AC185711F45128300B2A7AA /* AppDelegate.swift in Sources */ = {isa = PBXBuildFile; fileRef = 3AC185701F45128300B2A7AA /* AppDelegate.swift */; };
		3AC185731F45128300B2A7AA /* ViewController.swift in Sources */ = {isa = PBXBuildFile; fileRef = 3AC185721F45128300B2A7AA /* ViewController.swift */; };
		3AC185761F45128300B2A7AA /* Main.storyboard in Resources */ = {isa = PBXBuildFile; fileRef = 3AC185741F45128300B2A7AA /* Main.storyboard */; };
		3AC185781F45128300B2A7AA /* Assets.xcassets in Resources */ = {isa = PBXBuildFile; fileRef = 3AC185771F45128300B2A7AA /* Assets.xcassets */; };
		3AC1857B1F45128300B2A7AA /* LaunchScreen.storyboard in Resources */ = {isa = PBXBuildFile; fileRef = 3AC185791F45128300B2A7AA /* LaunchScreen.storyboard */; };
		3AC185861F45128300B2A7AA /* TimerTests.swift in Sources */ = {isa = PBXBuildFile; fileRef = 3AC185851F45128300B2A7AA /* TimerTests.swift */; };
		3AC185911F45128300B2A7AA /* TimerUITests.swift in Sources */ = {isa = PBXBuildFile; fileRef = 3AC185901F45128300B2A7AA /* TimerUITests.swift */; };
/* End PBXBuildFile section */

/* Begin PBXContainerItemProxy section */
		3AC185821F45128300B2A7AA /* PBXContainerItemProxy */ = {
			isa = PBXContainerItemProxy;
			containerPortal = 3AC185651F45128300B2A7AA /* Project object */;
			proxyType = 1;
			remoteGlobalIDString = 3AC1856C1F45128300B2A7AA;
			remoteInfo = Timer;
		};
		3AC1858D1F45128300B2A7AA /* PBXContainerItemProxy */ = {
			isa = PBXContainerItemProxy;
			containerPortal = 3AC185651F45128300B2A7AA /* Project object */;
			proxyType = 1;
			remoteGlobalIDString = 3AC1856C1F45128300B2A7AA;
			remoteInfo = Timer;
		};
/* End PBXContainerItemProxy section */

/* Begin PBXFileReference section */
		3AC1856D1F45128300B2A7AA /* Timer.app */ = {isa = PBXFileReference; explicitFileType = wrapper.application; includeInIndex = 0; path = Timer.app; sourceTree = BUILT_PRODUCTS_DIR; };
		3AC185701F45128300B2A7AA /* AppDelegate.swift */ = {isa = PBXFileReference; lastKnownFileType = sourcecode.swift; path = AppDelegate.swift; sourceTree = "<group>"; };
		3AC185721F45128300B2A7AA /* ViewController.swift */ = {isa = PBXFileReference; lastKnownFileType = sourcecode.swift; path = ViewController.swift; sourceTree = "<group>"; };
		3AC185751F45128300B2A7AA /* Base */ = {isa = PBXFileReference; lastKnownFileType = file.storyboard; name = Base; path = Base.lproj/Main.storyboard; sourceTree = "<group>"; };
		3AC185771F45128300B2A7AA /* Assets.xcassets */ = {isa = PBXFileReference; lastKnownFileType = folder.assetcatalog; path = Assets.xcassets; sourceTree = "<group>"; };
		3AC1857A1F45128300B2A7AA /* Base */ = {isa = PBXFileReference; lastKnownFileType = file.storyboard; name = Base; path = Base.lproj/LaunchScreen.storyboard; sourceTree = "<group>"; };
		3AC1857C1F45128300B2A7AA /* Info.plist */ = {isa = PBXFileReference; lastKnownFileType = text.plist.xml; path = Info.plist; sourceTree = "<group>"; };
		3AC185811F45128300B2A7AA /* TimerTests.xctest */ = {isa = PBXFileReference; explicitFileType = wrapper.cfbundle; includeInIndex = 0; path = TimerTests.xctest; sourceTree = BUILT_PRODUCTS_DIR; };
		3AC185851F45128300B2A7AA /* TimerTests.swift */ = {isa = PBXFileReference; lastKnownFileType = sourcecode.swift; path = TimerTests.swift; sourceTree = "<group>"; };
		3AC185871F45128300B2A7AA /* Info.plist */ = {isa = PBXFileReference; lastKnownFileType = text.plist.xml; path = Info.plist; sourceTree = "<group>"; };
		3AC1858C1F45128300B2A7AA /* TimerUITests.xctest */ = {isa = PBXFileReference; explicitFileType = wrapper.cfbundle; includeInIndex = 0; path = TimerUITests.xctest; sourceTree = BUILT_PRODUCTS_DIR; };
		3AC185901F45128300B2A7AA /* TimerUITests.swift */ = {isa = PBXFileReference; lastKnownFileType = sourcecode.swift; path = TimerUITests.swift; sourceTree = "<group>"; };
		3AC185921F45128300B2A7AA /* Info.plist */ = {isa = PBXFileReference; lastKnownFileType = text.plist.xml; path = Info.plist; sourceTree = "<group>"; };
/* End PBXFileReference section */

/* Begin PBXFrameworksBuildPhase section */
		3AC1856A1F45128300B2A7AA /* Frameworks */ = {
			isa = PBXFrameworksBuildPhase;
			buildActionMask = 2147483647;
			files = (
			);
			runOnlyForDeploymentPostprocessing = 0;
		};
		3AC1857E1F45128300B2A7AA /* Frameworks */ = {
			isa = PBXFrameworksBuildPhase;
			buildActionMask = 2147483647;
			files = (
			);
			runOnlyForDeploymentPostprocessing = 0;
		};
		3AC185891F45128300B2A7AA /* Frameworks */ = {
			isa = PBXFrameworksBuildPhase;
			buildActionMask = 2147483647;
			files = (
			);
			runOnlyForDeploymentPostprocessing = 0;
		};
/* End PBXFrameworksBuildPhase section */

/* Begin PBXGroup section */
		3AC185641F45128300B2A7AA = {
			isa = PBXGroup;
			children = (
				3AC1856F1F45128300B2A7AA /* Timer */,
				3AC185841F45128300B2A7AA /* TimerTests */,
				3AC1858F1F45128300B2A7AA /* TimerUITests */,
				3AC1856E1F45128300B2A7AA /* Products */,
			);
			sourceTree = "<group>";
		};
		3AC1856E1F45128300B2A7AA /* Products */ = {
			isa = PBXGroup;
			children = (
				3AC1856D1F45128300B2A7AA /* Timer.app */,
				3AC185811F45128300B2A7AA /* TimerTests.xctest */,
				3AC1858C1F45128300B2A7AA /* TimerUITests.xctest */,
			);
			name = Products;
			sourceTree = "<group>";
		};
		3AC1856F1F45128300B2A7AA /* Timer */ = {
			isa = PBXGroup;
			children = (
				3AC185701F45128300B2A7AA /* AppDelegate.swift */,
				3AC185721F45128300B2A7AA /* ViewController.swift */,
				3AC185741F45128300B2A7AA /* Main.storyboard */,
				3AC185771F45128300B2A7AA /* Assets.xcassets */,
				3AC185791F45128300B2A7AA /* LaunchScreen.storyboard */,
				3AC1857C1F45128300B2A7AA /* Info.plist */,
			);
			path = Timer;
			sourceTree = "<group>";
		};
		3AC185841F45128300B2A7AA /* TimerTests */ = {
			isa = PBXGroup;
			children = (
				3AC185851F45128300B2A7AA /* TimerTests.swift */,
				3AC185871F45128300B2A7AA /* Info.plist */,
			);
			path = TimerTests;
			sourceTree = "<group>";
		};
		3AC1858F1F45128300B2A7AA /* TimerUITests */ = {
			isa = PBXGroup;
			children = (
				3AC185901F45128300B2A7AA /* TimerUITests.swift */,
				3AC185921F45128300B2A7AA /* Info.plist */,
			);
			path = TimerUITests;
			sourceTree = "<group>";
		};
/* End PBXGroup section */

/* Begin PBXNativeTarget section */
		3AC1856C1F45128300B2A7AA /* Timer */ = {
			isa = PBXNativeTarget;
			buildConfigurationList = 3AC185951F45128300B2A7AA /* Build configuration list for PBXNativeTarget "Timer" */;
			buildPhases = (
				3AC185691F45128300B2A7AA /* Sources */,
				3AC1856A1F45128300B2A7AA /* Frameworks */,
				3AC1856B1F45128300B2A7AA /* Resources */,
			);
			buildRules = (
			);
			dependencies = (
			);
			name = Timer;
			productName = Timer;
			productReference = 3AC1856D1F45128300B2A7AA /* Timer.app */;
			productType = "com.apple.product-type.application";
		};
		3AC185801F45128300B2A7AA /* TimerTests */ = {
			isa = PBXNativeTarget;
			buildConfigurationList = 3AC185981F45128300B2A7AA /* Build configuration list for PBXNativeTarget "TimerTests" */;
			buildPhases = (
				3AC1857D1F45128300B2A7AA /* Sources */,
				3AC1857E1F45128300B2A7AA /* Frameworks */,
				3AC1857F1F45128300B2A7AA /* Resources */,
			);
			buildRules = (
			);
			dependencies = (
				3AC185831F45128300B2A7AA /* PBXTargetDependency */,
			);
			name = TimerTests;
			productName = TimerTests;
			productReference = 3AC185811F45128300B2A7AA /* TimerTests.xctest */;
			productType = "com.apple.product-type.bundle.unit-test";
		};
		3AC1858B1F45128300B2A7AA /* TimerUITests */ = {
			isa = PBXNativeTarget;
			buildConfigurationList = 3AC1859B1F45128300B2A7AA /* Build configuration list for PBXNativeTarget "TimerUITests" */;
			buildPhases = (
				3AC185881F45128300B2A7AA /* Sources */,
				3AC185891F45128300B2A7AA /* Frameworks */,
				3AC1858A1F45128300B2A7AA /* Resources */,
			);
			buildRules = (
			);
			dependencies = (
				3AC1858E1F45128300B2A7AA /* PBXTargetDependency */,
			);
			name = TimerUITests;
			productName = TimerUITests;
			productReference = 3AC1858C1F45128300B2A7AA /* TimerUITests.xctest */;
			productType = "com.apple.product-type.bundle.ui-testing";
		};
/* End PBXNativeTarget section */

/* Begin PBXProject section */
		3AC185651F45128300B2A7AA /* Project object */ = {
			isa = PBXProject;
			attributes = {
				LastSwiftUpdateCheck = 0830;
				LastUpgradeCheck = 0830;
				ORGANIZATIONNAME = "Karlo Beas";
				TargetAttributes = {
					3AC1856C1F45128300B2A7AA = {
						CreatedOnToolsVersion = 8.3.3;
						DevelopmentTeam = PBTTFA86AJ;
						ProvisioningStyle = Automatic;
					};
					3AC185801F45128300B2A7AA = {
						CreatedOnToolsVersion = 8.3.3;
						DevelopmentTeam = PBTTFA86AJ;
						ProvisioningStyle = Automatic;
						TestTargetID = 3AC1856C1F45128300B2A7AA;
					};
					3AC1858B1F45128300B2A7AA = {
						CreatedOnToolsVersion = 8.3.3;
						DevelopmentTeam = PBTTFA86AJ;
						ProvisioningStyle = Automatic;
						TestTargetID = 3AC1856C1F45128300B2A7AA;
					};
				};
			};
			buildConfigurationList = 3AC185681F45128300B2A7AA /* Build configuration list for PBXProject "Timer" */;
			compatibilityVersion = "Xcode 3.2";
			developmentRegion = English;
			hasScannedForEncodings = 0;
			knownRegions = (
				en,
				Base,
			);
			mainGroup = 3AC185641F45128300B2A7AA;
			productRefGroup = 3AC1856E1F45128300B2A7AA /* Products */;
			projectDirPath = "";
			projectRoot = "";
			targets = (
				3AC1856C1F45128300B2A7AA /* Timer */,
				3AC185801F45128300B2A7AA /* TimerTests */,
				3AC1858B1F45128300B2A7AA /* TimerUITests */,
			);
		};
/* End PBXProject section */

/* Begin PBXResourcesBuildPhase section */
		3AC1856B1F45128300B2A7AA /* Resources */ = {
			isa = PBXResourcesBuildPhase;
			buildActionMask = 2147483647;
			files = (
				3AC1857B1F45128300B2A7AA /* LaunchScreen.storyboard in Resources */,
				3AC185781F45128300B2A7AA /* Assets.xcassets in Resources */,
				3AC185761F45128300B2A7AA /* Main.storyboard in Resources */,
			);
			runOnlyForDeploymentPostprocessing = 0;
		};
		3AC1857F1F45128300B2A7AA /* Resources */ = {
			isa = PBXResourcesBuildPhase;
			buildActionMask = 2147483647;
			files = (
			);
			runOnlyForDeploymentPostprocessing = 0;
		};
		3AC1858A1F45128300B2A7AA /* Resources */ = {
			isa = PBXResourcesBuildPhase;
			buildActionMask = 2147483647;
			files = (
			);
			runOnlyForDeploymentPostprocessing = 0;
		};
/* End PBXResourcesBuildPhase section */

/* Begin PBXSourcesBuildPhase section */
		3AC185691F45128300B2A7AA /* Sources */ = {
			isa = PBXSourcesBuildPhase;
			buildActionMask = 2147483647;
			files = (
				3AC185731F45128300B2A7AA /* ViewController.swift in Sources */,
				3AC185711F45128300B2A7AA /* AppDelegate.swift in Sources */,
			);
			runOnlyForDeploymentPostprocessing = 0;
		};
		3AC1857D1F45128300B2A7AA /* Sources */ = {
			isa = PBXSourcesBuildPhase;
			buildActionMask = 2147483647;
			files = (
				3AC185861F45128300B2A7AA /* TimerTests.swift in Sources */,
			);
			runOnlyForDeploymentPostprocessing = 0;
		};
		3AC185881F45128300B2A7AA /* Sources */ = {
			isa = PBXSourcesBuildPhase;
			buildActionMask = 2147483647;
			files = (
				3AC185911F45128300B2A7AA /* TimerUITests.swift in Sources */,
			);
			runOnlyForDeploymentPostprocessing = 0;
		};
/* End PBXSourcesBuildPhase section */

/* Begin PBXTargetDependency section */
		3AC185831F45128300B2A7AA /* PBXTargetDependency */ = {
			isa = PBXTargetDependency;
			target = 3AC1856C1F45128300B2A7AA /* Timer */;
			targetProxy = 3AC185821F45128300B2A7AA /* PBXContainerItemProxy */;
		};
		3AC1858E1F45128300B2A7AA /* PBXTargetDependency */ = {
			isa = PBXTargetDependency;
			target = 3AC1856C1F45128300B2A7AA /* Timer */;
			targetProxy = 3AC1858D1F45128300B2A7AA /* PBXContainerItemProxy */;
		};
/* End PBXTargetDependency section */

/* Begin PBXVariantGroup section */
		3AC185741F45128300B2A7AA /* Main.storyboard */ = {
			isa = PBXVariantGroup;
			children = (
				3AC185751F45128300B2A7AA /* Base */,
			);
			name = Main.storyboard;
			sourceTree = "<group>";
		};
		3AC185791F45128300B2A7AA /* LaunchScreen.storyboard */ = {
			isa = PBXVariantGroup;
			children = (
				3AC1857A1F45128300B2A7AA /* Base */,
			);
			name = LaunchScreen.storyboard;
			sourceTree = "<group>";
		};
/* End PBXVariantGroup section */

/* Begin XCBuildConfiguration section */
		3AC185931F45128300B2A7AA /* Debug */ = {
			isa = XCBuildConfiguration;
			buildSettings = {
				ALWAYS_SEARCH_USER_PATHS = NO;
				CLANG_ANALYZER_NONNULL = YES;
				CLANG_ANALYZER_NUMBER_OBJECT_CONVERSION = YES_AGGRESSIVE;
				CLANG_CXX_LANGUAGE_STANDARD = "gnu++0x";
				CLANG_CXX_LIBRARY = "libc++";
				CLANG_ENABLE_MODULES = YES;
				CLANG_ENABLE_OBJC_ARC = YES;
				CLANG_WARN_BOOL_CONVERSION = YES;
				CLANG_WARN_CONSTANT_CONVERSION = YES;
				CLANG_WARN_DIRECT_OBJC_ISA_USAGE = YES_ERROR;
				CLANG_WARN_DOCUMENTATION_COMMENTS = YES;
				CLANG_WARN_EMPTY_BODY = YES;
				CLANG_WARN_ENUM_CONVERSION = YES;
				CLANG_WARN_INFINITE_RECURSION = YES;
				CLANG_WARN_INT_CONVERSION = YES;
				CLANG_WARN_OBJC_ROOT_CLASS = YES_ERROR;
				CLANG_WARN_SUSPICIOUS_MOVE = YES;
				CLANG_WARN_UNREACHABLE_CODE = YES;
				CLANG_WARN__DUPLICATE_METHOD_MATCH = YES;
				"CODE_SIGN_IDENTITY[sdk=iphoneos*]" = "iPhone Developer";
				COPY_PHASE_STRIP = NO;
				DEBUG_INFORMATION_FORMAT = dwarf;
				ENABLE_STRICT_OBJC_MSGSEND = YES;
				ENABLE_TESTABILITY = YES;
				GCC_C_LANGUAGE_STANDARD = gnu99;
				GCC_DYNAMIC_NO_PIC = NO;
				GCC_NO_COMMON_BLOCKS = YES;
				GCC_OPTIMIZATION_LEVEL = 0;
				GCC_PREPROCESSOR_DEFINITIONS = (
					"DEBUG=1",
					"$(inherited)",
				);
				GCC_WARN_64_TO_32_BIT_CONVERSION = YES;
				GCC_WARN_ABOUT_RETURN_TYPE = YES_ERROR;
				GCC_WARN_UNDECLARED_SELECTOR = YES;
				GCC_WARN_UNINITIALIZED_AUTOS = YES_AGGRESSIVE;
				GCC_WARN_UNUSED_FUNCTION = YES;
				GCC_WARN_UNUSED_VARIABLE = YES;
				IPHONEOS_DEPLOYMENT_TARGET = 10.3;
				MTL_ENABLE_DEBUG_INFO = YES;
				ONLY_ACTIVE_ARCH = YES;
				SDKROOT = iphoneos;
				SWIFT_ACTIVE_COMPILATION_CONDITIONS = DEBUG;
				SWIFT_OPTIMIZATION_LEVEL = "-Onone";
			};
			name = Debug;
		};
		3AC185941F45128300B2A7AA /* Release */ = {
			isa = XCBuildConfiguration;
			buildSettings = {
				ALWAYS_SEARCH_USER_PATHS = NO;
				CLANG_ANALYZER_NONNULL = YES;
				CLANG_ANALYZER_NUMBER_OBJECT_CONVERSION = YES_AGGRESSIVE;
				CLANG_CXX_LANGUAGE_STANDARD = "gnu++0x";
				CLANG_CXX_LIBRARY = "libc++";
				CLANG_ENABLE_MODULES = YES;
				CLANG_ENABLE_OBJC_ARC = YES;
				CLANG_WARN_BOOL_CONVERSION = YES;
				CLANG_WARN_CONSTANT_CONVERSION = YES;
				CLANG_WARN_DIRECT_OBJC_ISA_USAGE = YES_ERROR;
				CLANG_WARN_DOCUMENTATION_COMMENTS = YES;
				CLANG_WARN_EMPTY_BODY = YES;
				CLANG_WARN_ENUM_CONVERSION = YES;
				CLANG_WARN_INFINITE_RECURSION = YES;
				CLANG_WARN_INT_CONVERSION = YES;
				CLANG_WARN_OBJC_ROOT_CLASS = YES_ERROR;
				CLANG_WARN_SUSPICIOUS_MOVE = YES;
				CLANG_WARN_UNREACHABLE_CODE = YES;
				CLANG_WARN__DUPLICATE_METHOD_MATCH = YES;
				"CODE_SIGN_IDENTITY[sdk=iphoneos*]" = "iPhone Developer";
				COPY_PHASE_STRIP = NO;
				DEBUG_INFORMATION_FORMAT = "dwarf-with-dsym";
				ENABLE_NS_ASSERTIONS = NO;
				ENABLE_STRICT_OBJC_MSGSEND = YES;
				GCC_C_LANGUAGE_STANDARD = gnu99;
				GCC_NO_COMMON_BLOCKS = YES;
				GCC_WARN_64_TO_32_BIT_CONVERSION = YES;
				GCC_WARN_ABOUT_RETURN_TYPE = YES_ERROR;
				GCC_WARN_UNDECLARED_SELECTOR = YES;
				GCC_WARN_UNINITIALIZED_AUTOS = YES_AGGRESSIVE;
				GCC_WARN_UNUSED_FUNCTION = YES;
				GCC_WARN_UNUSED_VARIABLE = YES;
				IPHONEOS_DEPLOYMENT_TARGET = 10.3;
				MTL_ENABLE_DEBUG_INFO = NO;
				SDKROOT = iphoneos;
				SWIFT_OPTIMIZATION_LEVEL = "-Owholemodule";
				VALIDATE_PRODUCT = YES;
			};
			name = Release;
		};
		3AC185961F45128300B2A7AA /* Debug */ = {
			isa = XCBuildConfiguration;
			buildSettings = {
				ASSETCATALOG_COMPILER_APPICON_NAME = AppIcon;
				DEVELOPMENT_TEAM = PBTTFA86AJ;
				INFOPLIST_FILE = Timer/Info.plist;
				LD_RUNPATH_SEARCH_PATHS = "$(inherited) @executable_path/Frameworks";
				PRODUCT_BUNDLE_IDENTIFIER = Timer.Timer;
				PRODUCT_NAME = "$(TARGET_NAME)";
				SWIFT_VERSION = 3.0;
			};
			name = Debug;
		};
		3AC185971F45128300B2A7AA /* Release */ = {
			isa = XCBuildConfiguration;
			buildSettings = {
				ASSETCATALOG_COMPILER_APPICON_NAME = AppIcon;
				DEVELOPMENT_TEAM = PBTTFA86AJ;
				INFOPLIST_FILE = Timer/Info.plist;
				LD_RUNPATH_SEARCH_PATHS = "$(inherited) @executable_path/Frameworks";
				PRODUCT_BUNDLE_IDENTIFIER = Timer.Timer;
				PRODUCT_NAME = "$(TARGET_NAME)";
				SWIFT_VERSION = 3.0;
			};
			name = Release;
		};
		3AC185991F45128300B2A7AA /* Debug */ = {
			isa = XCBuildConfiguration;
			buildSettings = {
				ALWAYS_EMBED_SWIFT_STANDARD_LIBRARIES = YES;
				BUNDLE_LOADER = "$(TEST_HOST)";
				DEVELOPMENT_TEAM = PBTTFA86AJ;
				INFOPLIST_FILE = TimerTests/Info.plist;
				LD_RUNPATH_SEARCH_PATHS = "$(inherited) @executable_path/Frameworks @loader_path/Frameworks";
				PRODUCT_BUNDLE_IDENTIFIER = Timer.TimerTests;
				PRODUCT_NAME = "$(TARGET_NAME)";
				SWIFT_VERSION = 3.0;
				TEST_HOST = "$(BUILT_PRODUCTS_DIR)/Timer.app/Timer";
			};
			name = Debug;
		};
		3AC1859A1F45128300B2A7AA /* Release */ = {
			isa = XCBuildConfiguration;
			buildSettings = {
				ALWAYS_EMBED_SWIFT_STANDARD_LIBRARIES = YES;
				BUNDLE_LOADER = "$(TEST_HOST)";
				DEVELOPMENT_TEAM = PBTTFA86AJ;
				INFOPLIST_FILE = TimerTests/Info.plist;
				LD_RUNPATH_SEARCH_PATHS = "$(inherited) @executable_path/Frameworks @loader_path/Frameworks";
				PRODUCT_BUNDLE_IDENTIFIER = Timer.TimerTests;
				PRODUCT_NAME = "$(TARGET_NAME)";
				SWIFT_VERSION = 3.0;
				TEST_HOST = "$(BUILT_PRODUCTS_DIR)/Timer.app/Timer";
			};
			name = Release;
		};
		3AC1859C1F45128300B2A7AA /* Debug */ = {
			isa = XCBuildConfiguration;
			buildSettings = {
				ALWAYS_EMBED_SWIFT_STANDARD_LIBRARIES = YES;
				DEVELOPMENT_TEAM = PBTTFA86AJ;
				INFOPLIST_FILE = TimerUITests/Info.plist;
				LD_RUNPATH_SEARCH_PATHS = "$(inherited) @executable_path/Frameworks @loader_path/Frameworks";
				PRODUCT_BUNDLE_IDENTIFIER = Timer.TimerUITests;
				PRODUCT_NAME = "$(TARGET_NAME)";
				SWIFT_VERSION = 3.0;
				TEST_TARGET_NAME = Timer;
			};
			name = Debug;
		};
		3AC1859D1F45128300B2A7AA /* Release */ = {
			isa = XCBuildConfiguration;
			buildSettings = {
				ALWAYS_EMBED_SWIFT_STANDARD_LIBRARIES = YES;
				DEVELOPMENT_TEAM = PBTTFA86AJ;
				INFOPLIST_FILE = TimerUITests/Info.plist;
				LD_RUNPATH_SEARCH_PATHS = "$(inherited) @executable_path/Frameworks @loader_path/Frameworks";
				PRODUCT_BUNDLE_IDENTIFIER = Timer.TimerUITests;
				PRODUCT_NAME = "$(TARGET_NAME)";
				SWIFT_VERSION = 3.0;
				TEST_TARGET_NAME = Timer;
			};
			name = Release;
		};
/* End XCBuildConfiguration section */

/* Begin XCConfigurationList section */
		3AC185681F45128300B2A7AA /* Build configuration list for PBXProject "Timer" */ = {
			isa = XCConfigurationList;
			buildConfigurations = (
				3AC185931F45128300B2A7AA /* Debug */,
				3AC185941F45128300B2A7AA /* Release */,
			);
			defaultConfigurationIsVisible = 0;
			defaultConfigurationName = Release;
		};
		3AC185951F45128300B2A7AA /* Build configuration list for PBXNativeTarget "Timer" */ = {
			isa = XCConfigurationList;
			buildConfigurations = (
				3AC185961F45128300B2A7AA /* Debug */,
				3AC185971F45128300B2A7AA /* Release */,
			);
			defaultConfigurationIsVisible = 0;
		};
		3AC185981F45128300B2A7AA /* Build configuration list for PBXNativeTarget "TimerTests" */ = {
			isa = XCConfigurationList;
			buildConfigurations = (
				3AC185991F45128300B2A7AA /* Debug */,
				3AC1859A1F45128300B2A7AA /* Release */,
			);
			defaultConfigurationIsVisible = 0;
		};
		3AC1859B1F45128300B2A7AA /* Build configuration list for PBXNativeTarget "TimerUITests" */ = {
			isa = XCConfigurationList;
			buildConfigurations = (
				3AC1859C1F45128300B2A7AA /* Debug */,
				3AC1859D1F45128300B2A7AA /* Release */,
			);
			defaultConfigurationIsVisible = 0;
		};
/* End XCConfigurationList section */
	};
	rootObject = 3AC185651F45128300B2A7AA /* Project object */;
}
