// !$*UTF8*$!
{
	archiveVersion = 1;
	classes = {
	};
	objectVersion = 46;
	objects = {

/* Begin PBXBuildFile section */
		3A1052161F43647A0081618E /* AppDelegate.swift in Sources */ = {isa = PBXBuildFile; fileRef = 3A1052151F43647A0081618E /* AppDelegate.swift */; };
		3A1052181F43647A0081618E /* FirstViewController.swift in Sources */ = {isa = PBXBuildFile; fileRef = 3A1052171F43647A0081618E /* FirstViewController.swift */; };
		3A10521A1F43647A0081618E /* SecondViewController.swift in Sources */ = {isa = PBXBuildFile; fileRef = 3A1052191F43647A0081618E /* SecondViewController.swift */; };
		3A10521D1F43647A0081618E /* Main.storyboard in Resources */ = {isa = PBXBuildFile; fileRef = 3A10521B1F43647A0081618E /* Main.storyboard */; };
		3A10521F1F43647A0081618E /* Assets.xcassets in Resources */ = {isa = PBXBuildFile; fileRef = 3A10521E1F43647A0081618E /* Assets.xcassets */; };
		3A1052221F43647A0081618E /* LaunchScreen.storyboard in Resources */ = {isa = PBXBuildFile; fileRef = 3A1052201F43647A0081618E /* LaunchScreen.storyboard */; };
		3A10522D1F43647A0081618E /* App2MenuWhatsTests.swift in Sources */ = {isa = PBXBuildFile; fileRef = 3A10522C1F43647A0081618E /* App2MenuWhatsTests.swift */; };
		3A1052381F43647A0081618E /* App2MenuWhatsUITests.swift in Sources */ = {isa = PBXBuildFile; fileRef = 3A1052371F43647A0081618E /* App2MenuWhatsUITests.swift */; };
		3A1052461F43657B0081618E /* ThirdViewController.swift in Sources */ = {isa = PBXBuildFile; fileRef = 3A1052451F43657B0081618E /* ThirdViewController.swift */; };
		3A1052481F4365880081618E /* FourthViewController.swift in Sources */ = {isa = PBXBuildFile; fileRef = 3A1052471F4365880081618E /* FourthViewController.swift */; };
		3A10524A1F4365940081618E /* FifthViewController.swift in Sources */ = {isa = PBXBuildFile; fileRef = 3A1052491F4365940081618E /* FifthViewController.swift */; };
/* End PBXBuildFile section */

/* Begin PBXContainerItemProxy section */
		3A1052291F43647A0081618E /* PBXContainerItemProxy */ = {
			isa = PBXContainerItemProxy;
			containerPortal = 3A10520A1F43647A0081618E /* Project object */;
			proxyType = 1;
			remoteGlobalIDString = 3A1052111F43647A0081618E;
			remoteInfo = App2MenuWhats;
		};
		3A1052341F43647A0081618E /* PBXContainerItemProxy */ = {
			isa = PBXContainerItemProxy;
			containerPortal = 3A10520A1F43647A0081618E /* Project object */;
			proxyType = 1;
			remoteGlobalIDString = 3A1052111F43647A0081618E;
			remoteInfo = App2MenuWhats;
		};
/* End PBXContainerItemProxy section */

/* Begin PBXFileReference section */
		3A1052121F43647A0081618E /* App2MenuWhats.app */ = {isa = PBXFileReference; explicitFileType = wrapper.application; includeInIndex = 0; path = App2MenuWhats.app; sourceTree = BUILT_PRODUCTS_DIR; };
		3A1052151F43647A0081618E /* AppDelegate.swift */ = {isa = PBXFileReference; lastKnownFileType = sourcecode.swift; path = AppDelegate.swift; sourceTree = "<group>"; };
		3A1052171F43647A0081618E /* FirstViewController.swift */ = {isa = PBXFileReference; lastKnownFileType = sourcecode.swift; name = FirstViewController.swift; path = App2MenuWhats/FirstViewController.swift; sourceTree = "<group>"; };
		3A1052191F43647A0081618E /* SecondViewController.swift */ = {isa = PBXFileReference; lastKnownFileType = sourcecode.swift; name = SecondViewController.swift; path = App2MenuWhats/SecondViewController.swift; sourceTree = "<group>"; };
		3A10521C1F43647A0081618E /* Base */ = {isa = PBXFileReference; lastKnownFileType = file.storyboard; name = Base; path = Base.lproj/Main.storyboard; sourceTree = "<group>"; };
		3A10521E1F43647A0081618E /* Assets.xcassets */ = {isa = PBXFileReference; lastKnownFileType = folder.assetcatalog; path = Assets.xcassets; sourceTree = "<group>"; };
		3A1052211F43647A0081618E /* Base */ = {isa = PBXFileReference; lastKnownFileType = file.storyboard; name = Base; path = Base.lproj/LaunchScreen.storyboard; sourceTree = "<group>"; };
		3A1052231F43647A0081618E /* Info.plist */ = {isa = PBXFileReference; lastKnownFileType = text.plist.xml; path = Info.plist; sourceTree = "<group>"; };
		3A1052281F43647A0081618E /* App2MenuWhatsTests.xctest */ = {isa = PBXFileReference; explicitFileType = wrapper.cfbundle; includeInIndex = 0; path = App2MenuWhatsTests.xctest; sourceTree = BUILT_PRODUCTS_DIR; };
		3A10522C1F43647A0081618E /* App2MenuWhatsTests.swift */ = {isa = PBXFileReference; lastKnownFileType = sourcecode.swift; path = App2MenuWhatsTests.swift; sourceTree = "<group>"; };
		3A10522E1F43647A0081618E /* Info.plist */ = {isa = PBXFileReference; lastKnownFileType = text.plist.xml; path = Info.plist; sourceTree = "<group>"; };
		3A1052331F43647A0081618E /* App2MenuWhatsUITests.xctest */ = {isa = PBXFileReference; explicitFileType = wrapper.cfbundle; includeInIndex = 0; path = App2MenuWhatsUITests.xctest; sourceTree = BUILT_PRODUCTS_DIR; };
		3A1052371F43647A0081618E /* App2MenuWhatsUITests.swift */ = {isa = PBXFileReference; lastKnownFileType = sourcecode.swift; path = App2MenuWhatsUITests.swift; sourceTree = "<group>"; };
		3A1052391F43647A0081618E /* Info.plist */ = {isa = PBXFileReference; lastKnownFileType = text.plist.xml; path = Info.plist; sourceTree = "<group>"; };
		3A1052451F43657B0081618E /* ThirdViewController.swift */ = {isa = PBXFileReference; fileEncoding = 4; lastKnownFileType = sourcecode.swift; path = ThirdViewController.swift; sourceTree = "<group>"; };
		3A1052471F4365880081618E /* FourthViewController.swift */ = {isa = PBXFileReference; fileEncoding = 4; lastKnownFileType = sourcecode.swift; path = FourthViewController.swift; sourceTree = "<group>"; };
		3A1052491F4365940081618E /* FifthViewController.swift */ = {isa = PBXFileReference; fileEncoding = 4; lastKnownFileType = sourcecode.swift; path = FifthViewController.swift; sourceTree = "<group>"; };
/* End PBXFileReference section */

/* Begin PBXFrameworksBuildPhase section */
		3A10520F1F43647A0081618E /* Frameworks */ = {
			isa = PBXFrameworksBuildPhase;
			buildActionMask = 2147483647;
			files = (
			);
			runOnlyForDeploymentPostprocessing = 0;
		};
		3A1052251F43647A0081618E /* Frameworks */ = {
			isa = PBXFrameworksBuildPhase;
			buildActionMask = 2147483647;
			files = (
			);
			runOnlyForDeploymentPostprocessing = 0;
		};
		3A1052301F43647A0081618E /* Frameworks */ = {
			isa = PBXFrameworksBuildPhase;
			buildActionMask = 2147483647;
			files = (
			);
			runOnlyForDeploymentPostprocessing = 0;
		};
/* End PBXFrameworksBuildPhase section */

/* Begin PBXGroup section */
		3A1052091F43647A0081618E = {
			isa = PBXGroup;
			children = (
				3A1052141F43647A0081618E /* App2MenuWhats */,
				3A10522B1F43647A0081618E /* App2MenuWhatsTests */,
				3A1052361F43647A0081618E /* App2MenuWhatsUITests */,
				3A1052131F43647A0081618E /* Products */,
			);
			sourceTree = "<group>";
		};
		3A1052131F43647A0081618E /* Products */ = {
			isa = PBXGroup;
			children = (
				3A1052121F43647A0081618E /* App2MenuWhats.app */,
				3A1052281F43647A0081618E /* App2MenuWhatsTests.xctest */,
				3A1052331F43647A0081618E /* App2MenuWhatsUITests.xctest */,
			);
			name = Products;
			sourceTree = "<group>";
		};
		3A1052141F43647A0081618E /* App2MenuWhats */ = {
			isa = PBXGroup;
			children = (
				3A10524B1F4365B40081618E /* Vistas */,
				3A1052151F43647A0081618E /* AppDelegate.swift */,
				3A10521B1F43647A0081618E /* Main.storyboard */,
				3A10521E1F43647A0081618E /* Assets.xcassets */,
				3A1052201F43647A0081618E /* LaunchScreen.storyboard */,
				3A1052231F43647A0081618E /* Info.plist */,
			);
			path = App2MenuWhats;
			sourceTree = "<group>";
		};
		3A10522B1F43647A0081618E /* App2MenuWhatsTests */ = {
			isa = PBXGroup;
			children = (
				3A10522C1F43647A0081618E /* App2MenuWhatsTests.swift */,
				3A10522E1F43647A0081618E /* Info.plist */,
			);
			path = App2MenuWhatsTests;
			sourceTree = "<group>";
		};
		3A1052361F43647A0081618E /* App2MenuWhatsUITests */ = {
			isa = PBXGroup;
			children = (
				3A1052371F43647A0081618E /* App2MenuWhatsUITests.swift */,
				3A1052391F43647A0081618E /* Info.plist */,
			);
			path = App2MenuWhatsUITests;
			sourceTree = "<group>";
		};
		3A10524B1F4365B40081618E /* Vistas */ = {
			isa = PBXGroup;
			children = (
				3A1052171F43647A0081618E /* FirstViewController.swift */,
				3A1052191F43647A0081618E /* SecondViewController.swift */,
				3A1052451F43657B0081618E /* ThirdViewController.swift */,
				3A1052471F4365880081618E /* FourthViewController.swift */,
				3A1052491F4365940081618E /* FifthViewController.swift */,
			);
			name = Vistas;
			path = ..;
			sourceTree = "<group>";
		};
/* End PBXGroup section */

/* Begin PBXNativeTarget section */
		3A1052111F43647A0081618E /* App2MenuWhats */ = {
			isa = PBXNativeTarget;
			buildConfigurationList = 3A10523C1F43647A0081618E /* Build configuration list for PBXNativeTarget "App2MenuWhats" */;
			buildPhases = (
				3A10520E1F43647A0081618E /* Sources */,
				3A10520F1F43647A0081618E /* Frameworks */,
				3A1052101F43647A0081618E /* Resources */,
			);
			buildRules = (
			);
			dependencies = (
			);
			name = App2MenuWhats;
			productName = App2MenuWhats;
			productReference = 3A1052121F43647A0081618E /* App2MenuWhats.app */;
			productType = "com.apple.product-type.application";
		};
		3A1052271F43647A0081618E /* App2MenuWhatsTests */ = {
			isa = PBXNativeTarget;
			buildConfigurationList = 3A10523F1F43647A0081618E /* Build configuration list for PBXNativeTarget "App2MenuWhatsTests" */;
			buildPhases = (
				3A1052241F43647A0081618E /* Sources */,
				3A1052251F43647A0081618E /* Frameworks */,
				3A1052261F43647A0081618E /* Resources */,
			);
			buildRules = (
			);
			dependencies = (
				3A10522A1F43647A0081618E /* PBXTargetDependency */,
			);
			name = App2MenuWhatsTests;
			productName = App2MenuWhatsTests;
			productReference = 3A1052281F43647A0081618E /* App2MenuWhatsTests.xctest */;
			productType = "com.apple.product-type.bundle.unit-test";
		};
		3A1052321F43647A0081618E /* App2MenuWhatsUITests */ = {
			isa = PBXNativeTarget;
			buildConfigurationList = 3A1052421F43647A0081618E /* Build configuration list for PBXNativeTarget "App2MenuWhatsUITests" */;
			buildPhases = (
				3A10522F1F43647A0081618E /* Sources */,
				3A1052301F43647A0081618E /* Frameworks */,
				3A1052311F43647A0081618E /* Resources */,
			);
			buildRules = (
			);
			dependencies = (
				3A1052351F43647A0081618E /* PBXTargetDependency */,
			);
			name = App2MenuWhatsUITests;
			productName = App2MenuWhatsUITests;
			productReference = 3A1052331F43647A0081618E /* App2MenuWhatsUITests.xctest */;
			productType = "com.apple.product-type.bundle.ui-testing";
		};
/* End PBXNativeTarget section */

/* Begin PBXProject section */
		3A10520A1F43647A0081618E /* Project object */ = {
			isa = PBXProject;
			attributes = {
				LastSwiftUpdateCheck = 0830;
				LastUpgradeCheck = 0830;
				ORGANIZATIONNAME = "Karlo Beas";
				TargetAttributes = {
					3A1052111F43647A0081618E = {
						CreatedOnToolsVersion = 8.3.3;
						DevelopmentTeam = PBTTFA86AJ;
						ProvisioningStyle = Automatic;
					};
					3A1052271F43647A0081618E = {
						CreatedOnToolsVersion = 8.3.3;
						DevelopmentTeam = PBTTFA86AJ;
						ProvisioningStyle = Automatic;
						TestTargetID = 3A1052111F43647A0081618E;
					};
					3A1052321F43647A0081618E = {
						CreatedOnToolsVersion = 8.3.3;
						DevelopmentTeam = PBTTFA86AJ;
						ProvisioningStyle = Automatic;
						TestTargetID = 3A1052111F43647A0081618E;
					};
				};
			};
			buildConfigurationList = 3A10520D1F43647A0081618E /* Build configuration list for PBXProject "App2MenuWhats" */;
			compatibilityVersion = "Xcode 3.2";
			developmentRegion = English;
			hasScannedForEncodings = 0;
			knownRegions = (
				en,
				Base,
			);
			mainGroup = 3A1052091F43647A0081618E;
			productRefGroup = 3A1052131F43647A0081618E /* Products */;
			projectDirPath = "";
			projectRoot = "";
			targets = (
				3A1052111F43647A0081618E /* App2MenuWhats */,
				3A1052271F43647A0081618E /* App2MenuWhatsTests */,
				3A1052321F43647A0081618E /* App2MenuWhatsUITests */,
			);
		};
/* End PBXProject section */

/* Begin PBXResourcesBuildPhase section */
		3A1052101F43647A0081618E /* Resources */ = {
			isa = PBXResourcesBuildPhase;
			buildActionMask = 2147483647;
			files = (
				3A1052221F43647A0081618E /* LaunchScreen.storyboard in Resources */,
				3A10521F1F43647A0081618E /* Assets.xcassets in Resources */,
				3A10521D1F43647A0081618E /* Main.storyboard in Resources */,
			);
			runOnlyForDeploymentPostprocessing = 0;
		};
		3A1052261F43647A0081618E /* Resources */ = {
			isa = PBXResourcesBuildPhase;
			buildActionMask = 2147483647;
			files = (
			);
			runOnlyForDeploymentPostprocessing = 0;
		};
		3A1052311F43647A0081618E /* Resources */ = {
			isa = PBXResourcesBuildPhase;
			buildActionMask = 2147483647;
			files = (
			);
			runOnlyForDeploymentPostprocessing = 0;
		};
/* End PBXResourcesBuildPhase section */

/* Begin PBXSourcesBuildPhase section */
		3A10520E1F43647A0081618E /* Sources */ = {
			isa = PBXSourcesBuildPhase;
			buildActionMask = 2147483647;
			files = (
				3A10524A1F4365940081618E /* FifthViewController.swift in Sources */,
				3A10521A1F43647A0081618E /* SecondViewController.swift in Sources */,
				3A1052161F43647A0081618E /* AppDelegate.swift in Sources */,
				3A1052461F43657B0081618E /* ThirdViewController.swift in Sources */,
				3A1052181F43647A0081618E /* FirstViewController.swift in Sources */,
				3A1052481F4365880081618E /* FourthViewController.swift in Sources */,
			);
			runOnlyForDeploymentPostprocessing = 0;
		};
		3A1052241F43647A0081618E /* Sources */ = {
			isa = PBXSourcesBuildPhase;
			buildActionMask = 2147483647;
			files = (
				3A10522D1F43647A0081618E /* App2MenuWhatsTests.swift in Sources */,
			);
			runOnlyForDeploymentPostprocessing = 0;
		};
		3A10522F1F43647A0081618E /* Sources */ = {
			isa = PBXSourcesBuildPhase;
			buildActionMask = 2147483647;
			files = (
				3A1052381F43647A0081618E /* App2MenuWhatsUITests.swift in Sources */,
			);
			runOnlyForDeploymentPostprocessing = 0;
		};
/* End PBXSourcesBuildPhase section */

/* Begin PBXTargetDependency section */
		3A10522A1F43647A0081618E /* PBXTargetDependency */ = {
			isa = PBXTargetDependency;
			target = 3A1052111F43647A0081618E /* App2MenuWhats */;
			targetProxy = 3A1052291F43647A0081618E /* PBXContainerItemProxy */;
		};
		3A1052351F43647A0081618E /* PBXTargetDependency */ = {
			isa = PBXTargetDependency;
			target = 3A1052111F43647A0081618E /* App2MenuWhats */;
			targetProxy = 3A1052341F43647A0081618E /* PBXContainerItemProxy */;
		};
/* End PBXTargetDependency section */

/* Begin PBXVariantGroup section */
		3A10521B1F43647A0081618E /* Main.storyboard */ = {
			isa = PBXVariantGroup;
			children = (
				3A10521C1F43647A0081618E /* Base */,
			);
			name = Main.storyboard;
			sourceTree = "<group>";
		};
		3A1052201F43647A0081618E /* LaunchScreen.storyboard */ = {
			isa = PBXVariantGroup;
			children = (
				3A1052211F43647A0081618E /* Base */,
			);
			name = LaunchScreen.storyboard;
			sourceTree = "<group>";
		};
/* End PBXVariantGroup section */

/* Begin XCBuildConfiguration section */
		3A10523A1F43647A0081618E /* Debug */ = {
			isa = XCBuildConfiguration;
			buildSettings = {
				ALWAYS_SEARCH_USER_PATHS = NO;
				CLANG_ANALYZER_NONNULL = YES;
				CLANG_ANALYZER_NUMBER_OBJECT_CONVERSION = YES_AGGRESSIVE;
				CLANG_CXX_LANGUAGE_STANDARD = "gnu++0x";
				CLANG_CXX_LIBRARY = "libc++";
				CLANG_ENABLE_MODULES = YES;
				CLANG_ENABLE_OBJC_ARC = YES;
				CLANG_WARN_BOOL_CONVERSION = YES;
				CLANG_WARN_CONSTANT_CONVERSION = YES;
				CLANG_WARN_DIRECT_OBJC_ISA_USAGE = YES_ERROR;
				CLANG_WARN_DOCUMENTATION_COMMENTS = YES;
				CLANG_WARN_EMPTY_BODY = YES;
				CLANG_WARN_ENUM_CONVERSION = YES;
				CLANG_WARN_INFINITE_RECURSION = YES;
				CLANG_WARN_INT_CONVERSION = YES;
				CLANG_WARN_OBJC_ROOT_CLASS = YES_ERROR;
				CLANG_WARN_SUSPICIOUS_MOVE = YES;
				CLANG_WARN_UNREACHABLE_CODE = YES;
				CLANG_WARN__DUPLICATE_METHOD_MATCH = YES;
				"CODE_SIGN_IDENTITY[sdk=iphoneos*]" = "iPhone Developer";
				COPY_PHASE_STRIP = NO;
				DEBUG_INFORMATION_FORMAT = dwarf;
				ENABLE_STRICT_OBJC_MSGSEND = YES;
				ENABLE_TESTABILITY = YES;
				GCC_C_LANGUAGE_STANDARD = gnu99;
				GCC_DYNAMIC_NO_PIC = NO;
				GCC_NO_COMMON_BLOCKS = YES;
				GCC_OPTIMIZATION_LEVEL = 0;
				GCC_PREPROCESSOR_DEFINITIONS = (
					"DEBUG=1",
					"$(inherited)",
				);
				GCC_WARN_64_TO_32_BIT_CONVERSION = YES;
				GCC_WARN_ABOUT_RETURN_TYPE = YES_ERROR;
				GCC_WARN_UNDECLARED_SELECTOR = YES;
				GCC_WARN_UNINITIALIZED_AUTOS = YES_AGGRESSIVE;
				GCC_WARN_UNUSED_FUNCTION = YES;
				GCC_WARN_UNUSED_VARIABLE = YES;
				IPHONEOS_DEPLOYMENT_TARGET = 10.3;
				MTL_ENABLE_DEBUG_INFO = YES;
				ONLY_ACTIVE_ARCH = YES;
				SDKROOT = iphoneos;
				SWIFT_ACTIVE_COMPILATION_CONDITIONS = DEBUG;
				SWIFT_OPTIMIZATION_LEVEL = "-Onone";
			};
			name = Debug;
		};
		3A10523B1F43647A0081618E /* Release */ = {
			isa = XCBuildConfiguration;
			buildSettings = {
				ALWAYS_SEARCH_USER_PATHS = NO;
				CLANG_ANALYZER_NONNULL = YES;
				CLANG_ANALYZER_NUMBER_OBJECT_CONVERSION = YES_AGGRESSIVE;
				CLANG_CXX_LANGUAGE_STANDARD = "gnu++0x";
				CLANG_CXX_LIBRARY = "libc++";
				CLANG_ENABLE_MODULES = YES;
				CLANG_ENABLE_OBJC_ARC = YES;
				CLANG_WARN_BOOL_CONVERSION = YES;
				CLANG_WARN_CONSTANT_CONVERSION = YES;
				CLANG_WARN_DIRECT_OBJC_ISA_USAGE = YES_ERROR;
				CLANG_WARN_DOCUMENTATION_COMMENTS = YES;
				CLANG_WARN_EMPTY_BODY = YES;
				CLANG_WARN_ENUM_CONVERSION = YES;
				CLANG_WARN_INFINITE_RECURSION = YES;
				CLANG_WARN_INT_CONVERSION = YES;
				CLANG_WARN_OBJC_ROOT_CLASS = YES_ERROR;
				CLANG_WARN_SUSPICIOUS_MOVE = YES;
				CLANG_WARN_UNREACHABLE_CODE = YES;
				CLANG_WARN__DUPLICATE_METHOD_MATCH = YES;
				"CODE_SIGN_IDENTITY[sdk=iphoneos*]" = "iPhone Developer";
				COPY_PHASE_STRIP = NO;
				DEBUG_INFORMATION_FORMAT = "dwarf-with-dsym";
				ENABLE_NS_ASSERTIONS = NO;
				ENABLE_STRICT_OBJC_MSGSEND = YES;
				GCC_C_LANGUAGE_STANDARD = gnu99;
				GCC_NO_COMMON_BLOCKS = YES;
				GCC_WARN_64_TO_32_BIT_CONVERSION = YES;
				GCC_WARN_ABOUT_RETURN_TYPE = YES_ERROR;
				GCC_WARN_UNDECLARED_SELECTOR = YES;
				GCC_WARN_UNINITIALIZED_AUTOS = YES_AGGRESSIVE;
				GCC_WARN_UNUSED_FUNCTION = YES;
				GCC_WARN_UNUSED_VARIABLE = YES;
				IPHONEOS_DEPLOYMENT_TARGET = 10.3;
				MTL_ENABLE_DEBUG_INFO = NO;
				SDKROOT = iphoneos;
				SWIFT_OPTIMIZATION_LEVEL = "-Owholemodule";
				VALIDATE_PRODUCT = YES;
			};
			name = Release;
		};
		3A10523D1F43647A0081618E /* Debug */ = {
			isa = XCBuildConfiguration;
			buildSettings = {
				ASSETCATALOG_COMPILER_APPICON_NAME = AppIcon;
				DEVELOPMENT_TEAM = PBTTFA86AJ;
				INFOPLIST_FILE = App2MenuWhats/Info.plist;
				LD_RUNPATH_SEARCH_PATHS = "$(inherited) @executable_path/Frameworks";
				PRODUCT_BUNDLE_IDENTIFIER = App2MenuWhats.App2MenuWhats;
				PRODUCT_NAME = "$(TARGET_NAME)";
				SWIFT_VERSION = 3.0;
			};
			name = Debug;
		};
		3A10523E1F43647A0081618E /* Release */ = {
			isa = XCBuildConfiguration;
			buildSettings = {
				ASSETCATALOG_COMPILER_APPICON_NAME = AppIcon;
				DEVELOPMENT_TEAM = PBTTFA86AJ;
				INFOPLIST_FILE = App2MenuWhats/Info.plist;
				LD_RUNPATH_SEARCH_PATHS = "$(inherited) @executable_path/Frameworks";
				PRODUCT_BUNDLE_IDENTIFIER = App2MenuWhats.App2MenuWhats;
				PRODUCT_NAME = "$(TARGET_NAME)";
				SWIFT_VERSION = 3.0;
			};
			name = Release;
		};
		3A1052401F43647A0081618E /* Debug */ = {
			isa = XCBuildConfiguration;
			buildSettings = {
				ALWAYS_EMBED_SWIFT_STANDARD_LIBRARIES = YES;
				BUNDLE_LOADER = "$(TEST_HOST)";
				DEVELOPMENT_TEAM = PBTTFA86AJ;
				INFOPLIST_FILE = App2MenuWhatsTests/Info.plist;
				LD_RUNPATH_SEARCH_PATHS = "$(inherited) @executable_path/Frameworks @loader_path/Frameworks";
				PRODUCT_BUNDLE_IDENTIFIER = App2MenuWhats.App2MenuWhatsTests;
				PRODUCT_NAME = "$(TARGET_NAME)";
				SWIFT_VERSION = 3.0;
				TEST_HOST = "$(BUILT_PRODUCTS_DIR)/App2MenuWhats.app/App2MenuWhats";
			};
			name = Debug;
		};
		3A1052411F43647A0081618E /* Release */ = {
			isa = XCBuildConfiguration;
			buildSettings = {
				ALWAYS_EMBED_SWIFT_STANDARD_LIBRARIES = YES;
				BUNDLE_LOADER = "$(TEST_HOST)";
				DEVELOPMENT_TEAM = PBTTFA86AJ;
				INFOPLIST_FILE = App2MenuWhatsTests/Info.plist;
				LD_RUNPATH_SEARCH_PATHS = "$(inherited) @executable_path/Frameworks @loader_path/Frameworks";
				PRODUCT_BUNDLE_IDENTIFIER = App2MenuWhats.App2MenuWhatsTests;
				PRODUCT_NAME = "$(TARGET_NAME)";
				SWIFT_VERSION = 3.0;
				TEST_HOST = "$(BUILT_PRODUCTS_DIR)/App2MenuWhats.app/App2MenuWhats";
			};
			name = Release;
		};
		3A1052431F43647A0081618E /* Debug */ = {
			isa = XCBuildConfiguration;
			buildSettings = {
				ALWAYS_EMBED_SWIFT_STANDARD_LIBRARIES = YES;
				DEVELOPMENT_TEAM = PBTTFA86AJ;
				INFOPLIST_FILE = App2MenuWhatsUITests/Info.plist;
				LD_RUNPATH_SEARCH_PATHS = "$(inherited) @executable_path/Frameworks @loader_path/Frameworks";
				PRODUCT_BUNDLE_IDENTIFIER = App2MenuWhats.App2MenuWhatsUITests;
				PRODUCT_NAME = "$(TARGET_NAME)";
				SWIFT_VERSION = 3.0;
				TEST_TARGET_NAME = App2MenuWhats;
			};
			name = Debug;
		};
		3A1052441F43647A0081618E /* Release */ = {
			isa = XCBuildConfiguration;
			buildSettings = {
				ALWAYS_EMBED_SWIFT_STANDARD_LIBRARIES = YES;
				DEVELOPMENT_TEAM = PBTTFA86AJ;
				INFOPLIST_FILE = App2MenuWhatsUITests/Info.plist;
				LD_RUNPATH_SEARCH_PATHS = "$(inherited) @executable_path/Frameworks @loader_path/Frameworks";
				PRODUCT_BUNDLE_IDENTIFIER = App2MenuWhats.App2MenuWhatsUITests;
				PRODUCT_NAME = "$(TARGET_NAME)";
				SWIFT_VERSION = 3.0;
				TEST_TARGET_NAME = App2MenuWhats;
			};
			name = Release;
		};
/* End XCBuildConfiguration section */

/* Begin XCConfigurationList section */
		3A10520D1F43647A0081618E /* Build configuration list for PBXProject "App2MenuWhats" */ = {
			isa = XCConfigurationList;
			buildConfigurations = (
				3A10523A1F43647A0081618E /* Debug */,
				3A10523B1F43647A0081618E /* Release */,
			);
			defaultConfigurationIsVisible = 0;
			defaultConfigurationName = Release;
		};
		3A10523C1F43647A0081618E /* Build configuration list for PBXNativeTarget "App2MenuWhats" */ = {
			isa = XCConfigurationList;
			buildConfigurations = (
				3A10523D1F43647A0081618E /* Debug */,
				3A10523E1F43647A0081618E /* Release */,
			);
			defaultConfigurationIsVisible = 0;
		};
		3A10523F1F43647A0081618E /* Build configuration list for PBXNativeTarget "App2MenuWhatsTests" */ = {
			isa = XCConfigurationList;
			buildConfigurations = (
				3A1052401F43647A0081618E /* Debug */,
				3A1052411F43647A0081618E /* Release */,
			);
			defaultConfigurationIsVisible = 0;
		};
		3A1052421F43647A0081618E /* Build configuration list for PBXNativeTarget "App2MenuWhatsUITests" */ = {
			isa = XCConfigurationList;
			buildConfigurations = (
				3A1052431F43647A0081618E /* Debug */,
				3A1052441F43647A0081618E /* Release */,
			);
			defaultConfigurationIsVisible = 0;
		};
/* End XCConfigurationList section */
	};
	rootObject = 3A10520A1F43647A0081618E /* Project object */;
}
