// !$*UTF8*$!
{
	archiveVersion = 1;
	classes = {
	};
	objectVersion = 46;
	objects = {

/* Begin PBXBuildFile section */
		3AE88AFA1F489EA500E43333 /* AppDelegate.swift in Sources */ = {isa = PBXBuildFile; fileRef = 3AE88AF91F489EA500E43333 /* AppDelegate.swift */; };
		3AE88AFC1F489EA500E43333 /* ViewController.swift in Sources */ = {isa = PBXBuildFile; fileRef = 3AE88AFB1F489EA500E43333 /* ViewController.swift */; };
		3AE88AFF1F489EA500E43333 /* Main.storyboard in Resources */ = {isa = PBXBuildFile; fileRef = 3AE88AFD1F489EA500E43333 /* Main.storyboard */; };
		3AE88B021F489EA500E43333 /* AppCamera.xcdatamodeld in Sources */ = {isa = PBXBuildFile; fileRef = 3AE88B001F489EA500E43333 /* AppCamera.xcdatamodeld */; };
		3AE88B041F489EA500E43333 /* Assets.xcassets in Resources */ = {isa = PBXBuildFile; fileRef = 3AE88B031F489EA500E43333 /* Assets.xcassets */; };
		3AE88B071F489EA500E43333 /* LaunchScreen.storyboard in Resources */ = {isa = PBXBuildFile; fileRef = 3AE88B051F489EA500E43333 /* LaunchScreen.storyboard */; };
		3AE88B121F489EA500E43333 /* AppCameraTests.swift in Sources */ = {isa = PBXBuildFile; fileRef = 3AE88B111F489EA500E43333 /* AppCameraTests.swift */; };
		3AE88B1D1F489EA500E43333 /* AppCameraUITests.swift in Sources */ = {isa = PBXBuildFile; fileRef = 3AE88B1C1F489EA500E43333 /* AppCameraUITests.swift */; };
/* End PBXBuildFile section */

/* Begin PBXContainerItemProxy section */
		3AE88B0E1F489EA500E43333 /* PBXContainerItemProxy */ = {
			isa = PBXContainerItemProxy;
			containerPortal = 3AE88AEE1F489EA500E43333 /* Project object */;
			proxyType = 1;
			remoteGlobalIDString = 3AE88AF51F489EA500E43333;
			remoteInfo = AppCamera;
		};
		3AE88B191F489EA500E43333 /* PBXContainerItemProxy */ = {
			isa = PBXContainerItemProxy;
			containerPortal = 3AE88AEE1F489EA500E43333 /* Project object */;
			proxyType = 1;
			remoteGlobalIDString = 3AE88AF51F489EA500E43333;
			remoteInfo = AppCamera;
		};
/* End PBXContainerItemProxy section */

/* Begin PBXFileReference section */
		3AE88AF61F489EA500E43333 /* AppCamera.app */ = {isa = PBXFileReference; explicitFileType = wrapper.application; includeInIndex = 0; path = AppCamera.app; sourceTree = BUILT_PRODUCTS_DIR; };
		3AE88AF91F489EA500E43333 /* AppDelegate.swift */ = {isa = PBXFileReference; lastKnownFileType = sourcecode.swift; path = AppDelegate.swift; sourceTree = "<group>"; };
		3AE88AFB1F489EA500E43333 /* ViewController.swift */ = {isa = PBXFileReference; lastKnownFileType = sourcecode.swift; path = ViewController.swift; sourceTree = "<group>"; };
		3AE88AFE1F489EA500E43333 /* Base */ = {isa = PBXFileReference; lastKnownFileType = file.storyboard; name = Base; path = Base.lproj/Main.storyboard; sourceTree = "<group>"; };
		3AE88B011F489EA500E43333 /* AppCamera.xcdatamodel */ = {isa = PBXFileReference; lastKnownFileType = wrapper.xcdatamodel; path = AppCamera.xcdatamodel; sourceTree = "<group>"; };
		3AE88B031F489EA500E43333 /* Assets.xcassets */ = {isa = PBXFileReference; lastKnownFileType = folder.assetcatalog; path = Assets.xcassets; sourceTree = "<group>"; };
		3AE88B061F489EA500E43333 /* Base */ = {isa = PBXFileReference; lastKnownFileType = file.storyboard; name = Base; path = Base.lproj/LaunchScreen.storyboard; sourceTree = "<group>"; };
		3AE88B081F489EA500E43333 /* Info.plist */ = {isa = PBXFileReference; lastKnownFileType = text.plist.xml; path = Info.plist; sourceTree = "<group>"; };
		3AE88B0D1F489EA500E43333 /* AppCameraTests.xctest */ = {isa = PBXFileReference; explicitFileType = wrapper.cfbundle; includeInIndex = 0; path = AppCameraTests.xctest; sourceTree = BUILT_PRODUCTS_DIR; };
		3AE88B111F489EA500E43333 /* AppCameraTests.swift */ = {isa = PBXFileReference; lastKnownFileType = sourcecode.swift; path = AppCameraTests.swift; sourceTree = "<group>"; };
		3AE88B131F489EA500E43333 /* Info.plist */ = {isa = PBXFileReference; lastKnownFileType = text.plist.xml; path = Info.plist; sourceTree = "<group>"; };
		3AE88B181F489EA500E43333 /* AppCameraUITests.xctest */ = {isa = PBXFileReference; explicitFileType = wrapper.cfbundle; includeInIndex = 0; path = AppCameraUITests.xctest; sourceTree = BUILT_PRODUCTS_DIR; };
		3AE88B1C1F489EA500E43333 /* AppCameraUITests.swift */ = {isa = PBXFileReference; lastKnownFileType = sourcecode.swift; path = AppCameraUITests.swift; sourceTree = "<group>"; };
		3AE88B1E1F489EA500E43333 /* Info.plist */ = {isa = PBXFileReference; lastKnownFileType = text.plist.xml; path = Info.plist; sourceTree = "<group>"; };
/* End PBXFileReference section */

/* Begin PBXFrameworksBuildPhase section */
		3AE88AF31F489EA500E43333 /* Frameworks */ = {
			isa = PBXFrameworksBuildPhase;
			buildActionMask = 2147483647;
			files = (
			);
			runOnlyForDeploymentPostprocessing = 0;
		};
		3AE88B0A1F489EA500E43333 /* Frameworks */ = {
			isa = PBXFrameworksBuildPhase;
			buildActionMask = 2147483647;
			files = (
			);
			runOnlyForDeploymentPostprocessing = 0;
		};
		3AE88B151F489EA500E43333 /* Frameworks */ = {
			isa = PBXFrameworksBuildPhase;
			buildActionMask = 2147483647;
			files = (
			);
			runOnlyForDeploymentPostprocessing = 0;
		};
/* End PBXFrameworksBuildPhase section */

/* Begin PBXGroup section */
		3AE88AED1F489EA500E43333 = {
			isa = PBXGroup;
			children = (
				3AE88AF81F489EA500E43333 /* AppCamera */,
				3AE88B101F489EA500E43333 /* AppCameraTests */,
				3AE88B1B1F489EA500E43333 /* AppCameraUITests */,
				3AE88AF71F489EA500E43333 /* Products */,
			);
			sourceTree = "<group>";
		};
		3AE88AF71F489EA500E43333 /* Products */ = {
			isa = PBXGroup;
			children = (
				3AE88AF61F489EA500E43333 /* AppCamera.app */,
				3AE88B0D1F489EA500E43333 /* AppCameraTests.xctest */,
				3AE88B181F489EA500E43333 /* AppCameraUITests.xctest */,
			);
			name = Products;
			sourceTree = "<group>";
		};
		3AE88AF81F489EA500E43333 /* AppCamera */ = {
			isa = PBXGroup;
			children = (
				3AE88AF91F489EA500E43333 /* AppDelegate.swift */,
				3AE88AFB1F489EA500E43333 /* ViewController.swift */,
				3AE88AFD1F489EA500E43333 /* Main.storyboard */,
				3AE88B031F489EA500E43333 /* Assets.xcassets */,
				3AE88B051F489EA500E43333 /* LaunchScreen.storyboard */,
				3AE88B081F489EA500E43333 /* Info.plist */,
				3AE88B001F489EA500E43333 /* AppCamera.xcdatamodeld */,
			);
			path = AppCamera;
			sourceTree = "<group>";
		};
		3AE88B101F489EA500E43333 /* AppCameraTests */ = {
			isa = PBXGroup;
			children = (
				3AE88B111F489EA500E43333 /* AppCameraTests.swift */,
				3AE88B131F489EA500E43333 /* Info.plist */,
			);
			path = AppCameraTests;
			sourceTree = "<group>";
		};
		3AE88B1B1F489EA500E43333 /* AppCameraUITests */ = {
			isa = PBXGroup;
			children = (
				3AE88B1C1F489EA500E43333 /* AppCameraUITests.swift */,
				3AE88B1E1F489EA500E43333 /* Info.plist */,
			);
			path = AppCameraUITests;
			sourceTree = "<group>";
		};
/* End PBXGroup section */

/* Begin PBXNativeTarget section */
		3AE88AF51F489EA500E43333 /* AppCamera */ = {
			isa = PBXNativeTarget;
			buildConfigurationList = 3AE88B211F489EA500E43333 /* Build configuration list for PBXNativeTarget "AppCamera" */;
			buildPhases = (
				3AE88AF21F489EA500E43333 /* Sources */,
				3AE88AF31F489EA500E43333 /* Frameworks */,
				3AE88AF41F489EA500E43333 /* Resources */,
			);
			buildRules = (
			);
			dependencies = (
			);
			name = AppCamera;
			productName = AppCamera;
			productReference = 3AE88AF61F489EA500E43333 /* AppCamera.app */;
			productType = "com.apple.product-type.application";
		};
		3AE88B0C1F489EA500E43333 /* AppCameraTests */ = {
			isa = PBXNativeTarget;
			buildConfigurationList = 3AE88B241F489EA500E43333 /* Build configuration list for PBXNativeTarget "AppCameraTests" */;
			buildPhases = (
				3AE88B091F489EA500E43333 /* Sources */,
				3AE88B0A1F489EA500E43333 /* Frameworks */,
				3AE88B0B1F489EA500E43333 /* Resources */,
			);
			buildRules = (
			);
			dependencies = (
				3AE88B0F1F489EA500E43333 /* PBXTargetDependency */,
			);
			name = AppCameraTests;
			productName = AppCameraTests;
			productReference = 3AE88B0D1F489EA500E43333 /* AppCameraTests.xctest */;
			productType = "com.apple.product-type.bundle.unit-test";
		};
		3AE88B171F489EA500E43333 /* AppCameraUITests */ = {
			isa = PBXNativeTarget;
			buildConfigurationList = 3AE88B271F489EA500E43333 /* Build configuration list for PBXNativeTarget "AppCameraUITests" */;
			buildPhases = (
				3AE88B141F489EA500E43333 /* Sources */,
				3AE88B151F489EA500E43333 /* Frameworks */,
				3AE88B161F489EA500E43333 /* Resources */,
			);
			buildRules = (
			);
			dependencies = (
				3AE88B1A1F489EA500E43333 /* PBXTargetDependency */,
			);
			name = AppCameraUITests;
			productName = AppCameraUITests;
			productReference = 3AE88B181F489EA500E43333 /* AppCameraUITests.xctest */;
			productType = "com.apple.product-type.bundle.ui-testing";
		};
/* End PBXNativeTarget section */

/* Begin PBXProject section */
		3AE88AEE1F489EA500E43333 /* Project object */ = {
			isa = PBXProject;
			attributes = {
				LastSwiftUpdateCheck = 0830;
				LastUpgradeCheck = 0830;
				ORGANIZATIONNAME = "Karlo Beas";
				TargetAttributes = {
					3AE88AF51F489EA500E43333 = {
						CreatedOnToolsVersion = 8.3.3;
						DevelopmentTeam = PBTTFA86AJ;
						ProvisioningStyle = Automatic;
					};
					3AE88B0C1F489EA500E43333 = {
						CreatedOnToolsVersion = 8.3.3;
						DevelopmentTeam = PBTTFA86AJ;
						ProvisioningStyle = Automatic;
						TestTargetID = 3AE88AF51F489EA500E43333;
					};
					3AE88B171F489EA500E43333 = {
						CreatedOnToolsVersion = 8.3.3;
						DevelopmentTeam = PBTTFA86AJ;
						ProvisioningStyle = Automatic;
						TestTargetID = 3AE88AF51F489EA500E43333;
					};
				};
			};
			buildConfigurationList = 3AE88AF11F489EA500E43333 /* Build configuration list for PBXProject "AppCamera" */;
			compatibilityVersion = "Xcode 3.2";
			developmentRegion = English;
			hasScannedForEncodings = 0;
			knownRegions = (
				en,
				Base,
			);
			mainGroup = 3AE88AED1F489EA500E43333;
			productRefGroup = 3AE88AF71F489EA500E43333 /* Products */;
			projectDirPath = "";
			projectRoot = "";
			targets = (
				3AE88AF51F489EA500E43333 /* AppCamera */,
				3AE88B0C1F489EA500E43333 /* AppCameraTests */,
				3AE88B171F489EA500E43333 /* AppCameraUITests */,
			);
		};
/* End PBXProject section */

/* Begin PBXResourcesBuildPhase section */
		3AE88AF41F489EA500E43333 /* Resources */ = {
			isa = PBXResourcesBuildPhase;
			buildActionMask = 2147483647;
			files = (
				3AE88B071F489EA500E43333 /* LaunchScreen.storyboard in Resources */,
				3AE88B041F489EA500E43333 /* Assets.xcassets in Resources */,
				3AE88AFF1F489EA500E43333 /* Main.storyboard in Resources */,
			);
			runOnlyForDeploymentPostprocessing = 0;
		};
		3AE88B0B1F489EA500E43333 /* Resources */ = {
			isa = PBXResourcesBuildPhase;
			buildActionMask = 2147483647;
			files = (
			);
			runOnlyForDeploymentPostprocessing = 0;
		};
		3AE88B161F489EA500E43333 /* Resources */ = {
			isa = PBXResourcesBuildPhase;
			buildActionMask = 2147483647;
			files = (
			);
			runOnlyForDeploymentPostprocessing = 0;
		};
/* End PBXResourcesBuildPhase section */

/* Begin PBXSourcesBuildPhase section */
		3AE88AF21F489EA500E43333 /* Sources */ = {
			isa = PBXSourcesBuildPhase;
			buildActionMask = 2147483647;
			files = (
				3AE88AFC1F489EA500E43333 /* ViewController.swift in Sources */,
				3AE88AFA1F489EA500E43333 /* AppDelegate.swift in Sources */,
				3AE88B021F489EA500E43333 /* AppCamera.xcdatamodeld in Sources */,
			);
			runOnlyForDeploymentPostprocessing = 0;
		};
		3AE88B091F489EA500E43333 /* Sources */ = {
			isa = PBXSourcesBuildPhase;
			buildActionMask = 2147483647;
			files = (
				3AE88B121F489EA500E43333 /* AppCameraTests.swift in Sources */,
			);
			runOnlyForDeploymentPostprocessing = 0;
		};
		3AE88B141F489EA500E43333 /* Sources */ = {
			isa = PBXSourcesBuildPhase;
			buildActionMask = 2147483647;
			files = (
				3AE88B1D1F489EA500E43333 /* AppCameraUITests.swift in Sources */,
			);
			runOnlyForDeploymentPostprocessing = 0;
		};
/* End PBXSourcesBuildPhase section */

/* Begin PBXTargetDependency section */
		3AE88B0F1F489EA500E43333 /* PBXTargetDependency */ = {
			isa = PBXTargetDependency;
			target = 3AE88AF51F489EA500E43333 /* AppCamera */;
			targetProxy = 3AE88B0E1F489EA500E43333 /* PBXContainerItemProxy */;
		};
		3AE88B1A1F489EA500E43333 /* PBXTargetDependency */ = {
			isa = PBXTargetDependency;
			target = 3AE88AF51F489EA500E43333 /* AppCamera */;
			targetProxy = 3AE88B191F489EA500E43333 /* PBXContainerItemProxy */;
		};
/* End PBXTargetDependency section */

/* Begin PBXVariantGroup section */
		3AE88AFD1F489EA500E43333 /* Main.storyboard */ = {
			isa = PBXVariantGroup;
			children = (
				3AE88AFE1F489EA500E43333 /* Base */,
			);
			name = Main.storyboard;
			sourceTree = "<group>";
		};
		3AE88B051F489EA500E43333 /* LaunchScreen.storyboard */ = {
			isa = PBXVariantGroup;
			children = (
				3AE88B061F489EA500E43333 /* Base */,
			);
			name = LaunchScreen.storyboard;
			sourceTree = "<group>";
		};
/* End PBXVariantGroup section */

/* Begin XCBuildConfiguration section */
		3AE88B1F1F489EA500E43333 /* Debug */ = {
			isa = XCBuildConfiguration;
			buildSettings = {
				ALWAYS_SEARCH_USER_PATHS = NO;
				CLANG_ANALYZER_NONNULL = YES;
				CLANG_ANALYZER_NUMBER_OBJECT_CONVERSION = YES_AGGRESSIVE;
				CLANG_CXX_LANGUAGE_STANDARD = "gnu++0x";
				CLANG_CXX_LIBRARY = "libc++";
				CLANG_ENABLE_MODULES = YES;
				CLANG_ENABLE_OBJC_ARC = YES;
				CLANG_WARN_BOOL_CONVERSION = YES;
				CLANG_WARN_CONSTANT_CONVERSION = YES;
				CLANG_WARN_DIRECT_OBJC_ISA_USAGE = YES_ERROR;
				CLANG_WARN_DOCUMENTATION_COMMENTS = YES;
				CLANG_WARN_EMPTY_BODY = YES;
				CLANG_WARN_ENUM_CONVERSION = YES;
				CLANG_WARN_INFINITE_RECURSION = YES;
				CLANG_WARN_INT_CONVERSION = YES;
				CLANG_WARN_OBJC_ROOT_CLASS = YES_ERROR;
				CLANG_WARN_SUSPICIOUS_MOVE = YES;
				CLANG_WARN_UNREACHABLE_CODE = YES;
				CLANG_WARN__DUPLICATE_METHOD_MATCH = YES;
				"CODE_SIGN_IDENTITY[sdk=iphoneos*]" = "iPhone Developer";
				COPY_PHASE_STRIP = NO;
				DEBUG_INFORMATION_FORMAT = dwarf;
				ENABLE_STRICT_OBJC_MSGSEND = YES;
				ENABLE_TESTABILITY = YES;
				GCC_C_LANGUAGE_STANDARD = gnu99;
				GCC_DYNAMIC_NO_PIC = NO;
				GCC_NO_COMMON_BLOCKS = YES;
				GCC_OPTIMIZATION_LEVEL = 0;
				GCC_PREPROCESSOR_DEFINITIONS = (
					"DEBUG=1",
					"$(inherited)",
				);
				GCC_WARN_64_TO_32_BIT_CONVERSION = YES;
				GCC_WARN_ABOUT_RETURN_TYPE = YES_ERROR;
				GCC_WARN_UNDECLARED_SELECTOR = YES;
				GCC_WARN_UNINITIALIZED_AUTOS = YES_AGGRESSIVE;
				GCC_WARN_UNUSED_FUNCTION = YES;
				GCC_WARN_UNUSED_VARIABLE = YES;
				IPHONEOS_DEPLOYMENT_TARGET = 10.3;
				MTL_ENABLE_DEBUG_INFO = YES;
				ONLY_ACTIVE_ARCH = YES;
				SDKROOT = iphoneos;
				SWIFT_ACTIVE_COMPILATION_CONDITIONS = DEBUG;
				SWIFT_OPTIMIZATION_LEVEL = "-Onone";
			};
			name = Debug;
		};
		3AE88B201F489EA500E43333 /* Release */ = {
			isa = XCBuildConfiguration;
			buildSettings = {
				ALWAYS_SEARCH_USER_PATHS = NO;
				CLANG_ANALYZER_NONNULL = YES;
				CLANG_ANALYZER_NUMBER_OBJECT_CONVERSION = YES_AGGRESSIVE;
				CLANG_CXX_LANGUAGE_STANDARD = "gnu++0x";
				CLANG_CXX_LIBRARY = "libc++";
				CLANG_ENABLE_MODULES = YES;
				CLANG_ENABLE_OBJC_ARC = YES;
				CLANG_WARN_BOOL_CONVERSION = YES;
				CLANG_WARN_CONSTANT_CONVERSION = YES;
				CLANG_WARN_DIRECT_OBJC_ISA_USAGE = YES_ERROR;
				CLANG_WARN_DOCUMENTATION_COMMENTS = YES;
				CLANG_WARN_EMPTY_BODY = YES;
				CLANG_WARN_ENUM_CONVERSION = YES;
				CLANG_WARN_INFINITE_RECURSION = YES;
				CLANG_WARN_INT_CONVERSION = YES;
				CLANG_WARN_OBJC_ROOT_CLASS = YES_ERROR;
				CLANG_WARN_SUSPICIOUS_MOVE = YES;
				CLANG_WARN_UNREACHABLE_CODE = YES;
				CLANG_WARN__DUPLICATE_METHOD_MATCH = YES;
				"CODE_SIGN_IDENTITY[sdk=iphoneos*]" = "iPhone Developer";
				COPY_PHASE_STRIP = NO;
				DEBUG_INFORMATION_FORMAT = "dwarf-with-dsym";
				ENABLE_NS_ASSERTIONS = NO;
				ENABLE_STRICT_OBJC_MSGSEND = YES;
				GCC_C_LANGUAGE_STANDARD = gnu99;
				GCC_NO_COMMON_BLOCKS = YES;
				GCC_WARN_64_TO_32_BIT_CONVERSION = YES;
				GCC_WARN_ABOUT_RETURN_TYPE = YES_ERROR;
				GCC_WARN_UNDECLARED_SELECTOR = YES;
				GCC_WARN_UNINITIALIZED_AUTOS = YES_AGGRESSIVE;
				GCC_WARN_UNUSED_FUNCTION = YES;
				GCC_WARN_UNUSED_VARIABLE = YES;
				IPHONEOS_DEPLOYMENT_TARGET = 10.3;
				MTL_ENABLE_DEBUG_INFO = NO;
				SDKROOT = iphoneos;
				SWIFT_OPTIMIZATION_LEVEL = "-Owholemodule";
				VALIDATE_PRODUCT = YES;
			};
			name = Release;
		};
		3AE88B221F489EA500E43333 /* Debug */ = {
			isa = XCBuildConfiguration;
			buildSettings = {
				ASSETCATALOG_COMPILER_APPICON_NAME = AppIcon;
				DEVELOPMENT_TEAM = PBTTFA86AJ;
				INFOPLIST_FILE = AppCamera/Info.plist;
				LD_RUNPATH_SEARCH_PATHS = "$(inherited) @executable_path/Frameworks";
				PRODUCT_BUNDLE_IDENTIFIER = AppCamera.AppCamera;
				PRODUCT_NAME = "$(TARGET_NAME)";
				SWIFT_VERSION = 3.0;
			};
			name = Debug;
		};
		3AE88B231F489EA500E43333 /* Release */ = {
			isa = XCBuildConfiguration;
			buildSettings = {
				ASSETCATALOG_COMPILER_APPICON_NAME = AppIcon;
				DEVELOPMENT_TEAM = PBTTFA86AJ;
				INFOPLIST_FILE = AppCamera/Info.plist;
				LD_RUNPATH_SEARCH_PATHS = "$(inherited) @executable_path/Frameworks";
				PRODUCT_BUNDLE_IDENTIFIER = AppCamera.AppCamera;
				PRODUCT_NAME = "$(TARGET_NAME)";
				SWIFT_VERSION = 3.0;
			};
			name = Release;
		};
		3AE88B251F489EA500E43333 /* Debug */ = {
			isa = XCBuildConfiguration;
			buildSettings = {
				ALWAYS_EMBED_SWIFT_STANDARD_LIBRARIES = YES;
				BUNDLE_LOADER = "$(TEST_HOST)";
				DEVELOPMENT_TEAM = PBTTFA86AJ;
				INFOPLIST_FILE = AppCameraTests/Info.plist;
				LD_RUNPATH_SEARCH_PATHS = "$(inherited) @executable_path/Frameworks @loader_path/Frameworks";
				PRODUCT_BUNDLE_IDENTIFIER = AppCamera.AppCameraTests;
				PRODUCT_NAME = "$(TARGET_NAME)";
				SWIFT_VERSION = 3.0;
				TEST_HOST = "$(BUILT_PRODUCTS_DIR)/AppCamera.app/AppCamera";
			};
			name = Debug;
		};
		3AE88B261F489EA500E43333 /* Release */ = {
			isa = XCBuildConfiguration;
			buildSettings = {
				ALWAYS_EMBED_SWIFT_STANDARD_LIBRARIES = YES;
				BUNDLE_LOADER = "$(TEST_HOST)";
				DEVELOPMENT_TEAM = PBTTFA86AJ;
				INFOPLIST_FILE = AppCameraTests/Info.plist;
				LD_RUNPATH_SEARCH_PATHS = "$(inherited) @executable_path/Frameworks @loader_path/Frameworks";
				PRODUCT_BUNDLE_IDENTIFIER = AppCamera.AppCameraTests;
				PRODUCT_NAME = "$(TARGET_NAME)";
				SWIFT_VERSION = 3.0;
				TEST_HOST = "$(BUILT_PRODUCTS_DIR)/AppCamera.app/AppCamera";
			};
			name = Release;
		};
		3AE88B281F489EA500E43333 /* Debug */ = {
			isa = XCBuildConfiguration;
			buildSettings = {
				ALWAYS_EMBED_SWIFT_STANDARD_LIBRARIES = YES;
				DEVELOPMENT_TEAM = PBTTFA86AJ;
				INFOPLIST_FILE = AppCameraUITests/Info.plist;
				LD_RUNPATH_SEARCH_PATHS = "$(inherited) @executable_path/Frameworks @loader_path/Frameworks";
				PRODUCT_BUNDLE_IDENTIFIER = AppCamera.AppCameraUITests;
				PRODUCT_NAME = "$(TARGET_NAME)";
				SWIFT_VERSION = 3.0;
				TEST_TARGET_NAME = AppCamera;
			};
			name = Debug;
		};
		3AE88B291F489EA500E43333 /* Release */ = {
			isa = XCBuildConfiguration;
			buildSettings = {
				ALWAYS_EMBED_SWIFT_STANDARD_LIBRARIES = YES;
				DEVELOPMENT_TEAM = PBTTFA86AJ;
				INFOPLIST_FILE = AppCameraUITests/Info.plist;
				LD_RUNPATH_SEARCH_PATHS = "$(inherited) @executable_path/Frameworks @loader_path/Frameworks";
				PRODUCT_BUNDLE_IDENTIFIER = AppCamera.AppCameraUITests;
				PRODUCT_NAME = "$(TARGET_NAME)";
				SWIFT_VERSION = 3.0;
				TEST_TARGET_NAME = AppCamera;
			};
			name = Release;
		};
/* End XCBuildConfiguration section */

/* Begin XCConfigurationList section */
		3AE88AF11F489EA500E43333 /* Build configuration list for PBXProject "AppCamera" */ = {
			isa = XCConfigurationList;
			buildConfigurations = (
				3AE88B1F1F489EA500E43333 /* Debug */,
				3AE88B201F489EA500E43333 /* Release */,
			);
			defaultConfigurationIsVisible = 0;
			defaultConfigurationName = Release;
		};
		3AE88B211F489EA500E43333 /* Build configuration list for PBXNativeTarget "AppCamera" */ = {
			isa = XCConfigurationList;
			buildConfigurations = (
				3AE88B221F489EA500E43333 /* Debug */,
				3AE88B231F489EA500E43333 /* Release */,
			);
			defaultConfigurationIsVisible = 0;
		};
		3AE88B241F489EA500E43333 /* Build configuration list for PBXNativeTarget "AppCameraTests" */ = {
			isa = XCConfigurationList;
			buildConfigurations = (
				3AE88B251F489EA500E43333 /* Debug */,
				3AE88B261F489EA500E43333 /* Release */,
			);
			defaultConfigurationIsVisible = 0;
		};
		3AE88B271F489EA500E43333 /* Build configuration list for PBXNativeTarget "AppCameraUITests" */ = {
			isa = XCConfigurationList;
			buildConfigurations = (
				3AE88B281F489EA500E43333 /* Debug */,
				3AE88B291F489EA500E43333 /* Release */,
			);
			defaultConfigurationIsVisible = 0;
		};
/* End XCConfigurationList section */

/* Begin XCVersionGroup section */
		3AE88B001F489EA500E43333 /* AppCamera.xcdatamodeld */ = {
			isa = XCVersionGroup;
			children = (
				3AE88B011F489EA500E43333 /* AppCamera.xcdatamodel */,
			);
			currentVersion = 3AE88B011F489EA500E43333 /* AppCamera.xcdatamodel */;
			path = AppCamera.xcdatamodeld;
			sourceTree = "<group>";
			versionGroupType = wrapper.xcdatamodel;
		};
/* End XCVersionGroup section */
	};
	rootObject = 3AE88AEE1F489EA500E43333 /* Project object */;
}
