// !$*UTF8*$!
{
	archiveVersion = 1;
	classes = {
	};
	objectVersion = 46;
	objects = {

/* Begin PBXBuildFile section */
		3A2DBD811F47478F001167E2 /* AppDelegate.swift in Sources */ = {isa = PBXBuildFile; fileRef = 3A2DBD801F47478F001167E2 /* AppDelegate.swift */; };
		3A2DBD831F47478F001167E2 /* ViewController.swift in Sources */ = {isa = PBXBuildFile; fileRef = 3A2DBD821F47478F001167E2 /* ViewController.swift */; };
		3A2DBD861F47478F001167E2 /* Main.storyboard in Resources */ = {isa = PBXBuildFile; fileRef = 3A2DBD841F47478F001167E2 /* Main.storyboard */; };
		3A2DBD881F47478F001167E2 /* Assets.xcassets in Resources */ = {isa = PBXBuildFile; fileRef = 3A2DBD871F47478F001167E2 /* Assets.xcassets */; };
		3A2DBD8B1F47478F001167E2 /* LaunchScreen.storyboard in Resources */ = {isa = PBXBuildFile; fileRef = 3A2DBD891F47478F001167E2 /* LaunchScreen.storyboard */; };
		3A2DBD961F47478F001167E2 /* AppGestureTests.swift in Sources */ = {isa = PBXBuildFile; fileRef = 3A2DBD951F47478F001167E2 /* AppGestureTests.swift */; };
		3A2DBDA11F47478F001167E2 /* AppGestureUITests.swift in Sources */ = {isa = PBXBuildFile; fileRef = 3A2DBDA01F47478F001167E2 /* AppGestureUITests.swift */; };
/* End PBXBuildFile section */

/* Begin PBXContainerItemProxy section */
		3A2DBD921F47478F001167E2 /* PBXContainerItemProxy */ = {
			isa = PBXContainerItemProxy;
			containerPortal = 3A2DBD751F47478F001167E2 /* Project object */;
			proxyType = 1;
			remoteGlobalIDString = 3A2DBD7C1F47478F001167E2;
			remoteInfo = AppGesture;
		};
		3A2DBD9D1F47478F001167E2 /* PBXContainerItemProxy */ = {
			isa = PBXContainerItemProxy;
			containerPortal = 3A2DBD751F47478F001167E2 /* Project object */;
			proxyType = 1;
			remoteGlobalIDString = 3A2DBD7C1F47478F001167E2;
			remoteInfo = AppGesture;
		};
/* End PBXContainerItemProxy section */

/* Begin PBXFileReference section */
		3A2DBD7D1F47478F001167E2 /* AppGesture.app */ = {isa = PBXFileReference; explicitFileType = wrapper.application; includeInIndex = 0; path = AppGesture.app; sourceTree = BUILT_PRODUCTS_DIR; };
		3A2DBD801F47478F001167E2 /* AppDelegate.swift */ = {isa = PBXFileReference; lastKnownFileType = sourcecode.swift; path = AppDelegate.swift; sourceTree = "<group>"; };
		3A2DBD821F47478F001167E2 /* ViewController.swift */ = {isa = PBXFileReference; lastKnownFileType = sourcecode.swift; path = ViewController.swift; sourceTree = "<group>"; };
		3A2DBD851F47478F001167E2 /* Base */ = {isa = PBXFileReference; lastKnownFileType = file.storyboard; name = Base; path = Base.lproj/Main.storyboard; sourceTree = "<group>"; };
		3A2DBD871F47478F001167E2 /* Assets.xcassets */ = {isa = PBXFileReference; lastKnownFileType = folder.assetcatalog; path = Assets.xcassets; sourceTree = "<group>"; };
		3A2DBD8A1F47478F001167E2 /* Base */ = {isa = PBXFileReference; lastKnownFileType = file.storyboard; name = Base; path = Base.lproj/LaunchScreen.storyboard; sourceTree = "<group>"; };
		3A2DBD8C1F47478F001167E2 /* Info.plist */ = {isa = PBXFileReference; lastKnownFileType = text.plist.xml; path = Info.plist; sourceTree = "<group>"; };
		3A2DBD911F47478F001167E2 /* AppGestureTests.xctest */ = {isa = PBXFileReference; explicitFileType = wrapper.cfbundle; includeInIndex = 0; path = AppGestureTests.xctest; sourceTree = BUILT_PRODUCTS_DIR; };
		3A2DBD951F47478F001167E2 /* AppGestureTests.swift */ = {isa = PBXFileReference; lastKnownFileType = sourcecode.swift; path = AppGestureTests.swift; sourceTree = "<group>"; };
		3A2DBD971F47478F001167E2 /* Info.plist */ = {isa = PBXFileReference; lastKnownFileType = text.plist.xml; path = Info.plist; sourceTree = "<group>"; };
		3A2DBD9C1F47478F001167E2 /* AppGestureUITests.xctest */ = {isa = PBXFileReference; explicitFileType = wrapper.cfbundle; includeInIndex = 0; path = AppGestureUITests.xctest; sourceTree = BUILT_PRODUCTS_DIR; };
		3A2DBDA01F47478F001167E2 /* AppGestureUITests.swift */ = {isa = PBXFileReference; lastKnownFileType = sourcecode.swift; path = AppGestureUITests.swift; sourceTree = "<group>"; };
		3A2DBDA21F47478F001167E2 /* Info.plist */ = {isa = PBXFileReference; lastKnownFileType = text.plist.xml; path = Info.plist; sourceTree = "<group>"; };
/* End PBXFileReference section */

/* Begin PBXFrameworksBuildPhase section */
		3A2DBD7A1F47478F001167E2 /* Frameworks */ = {
			isa = PBXFrameworksBuildPhase;
			buildActionMask = 2147483647;
			files = (
			);
			runOnlyForDeploymentPostprocessing = 0;
		};
		3A2DBD8E1F47478F001167E2 /* Frameworks */ = {
			isa = PBXFrameworksBuildPhase;
			buildActionMask = 2147483647;
			files = (
			);
			runOnlyForDeploymentPostprocessing = 0;
		};
		3A2DBD991F47478F001167E2 /* Frameworks */ = {
			isa = PBXFrameworksBuildPhase;
			buildActionMask = 2147483647;
			files = (
			);
			runOnlyForDeploymentPostprocessing = 0;
		};
/* End PBXFrameworksBuildPhase section */

/* Begin PBXGroup section */
		3A2DBD741F47478F001167E2 = {
			isa = PBXGroup;
			children = (
				3A2DBD7F1F47478F001167E2 /* AppGesture */,
				3A2DBD941F47478F001167E2 /* AppGestureTests */,
				3A2DBD9F1F47478F001167E2 /* AppGestureUITests */,
				3A2DBD7E1F47478F001167E2 /* Products */,
			);
			sourceTree = "<group>";
		};
		3A2DBD7E1F47478F001167E2 /* Products */ = {
			isa = PBXGroup;
			children = (
				3A2DBD7D1F47478F001167E2 /* AppGesture.app */,
				3A2DBD911F47478F001167E2 /* AppGestureTests.xctest */,
				3A2DBD9C1F47478F001167E2 /* AppGestureUITests.xctest */,
			);
			name = Products;
			sourceTree = "<group>";
		};
		3A2DBD7F1F47478F001167E2 /* AppGesture */ = {
			isa = PBXGroup;
			children = (
				3A2DBD801F47478F001167E2 /* AppDelegate.swift */,
				3A2DBD821F47478F001167E2 /* ViewController.swift */,
				3A2DBD841F47478F001167E2 /* Main.storyboard */,
				3A2DBD871F47478F001167E2 /* Assets.xcassets */,
				3A2DBD891F47478F001167E2 /* LaunchScreen.storyboard */,
				3A2DBD8C1F47478F001167E2 /* Info.plist */,
			);
			path = AppGesture;
			sourceTree = "<group>";
		};
		3A2DBD941F47478F001167E2 /* AppGestureTests */ = {
			isa = PBXGroup;
			children = (
				3A2DBD951F47478F001167E2 /* AppGestureTests.swift */,
				3A2DBD971F47478F001167E2 /* Info.plist */,
			);
			path = AppGestureTests;
			sourceTree = "<group>";
		};
		3A2DBD9F1F47478F001167E2 /* AppGestureUITests */ = {
			isa = PBXGroup;
			children = (
				3A2DBDA01F47478F001167E2 /* AppGestureUITests.swift */,
				3A2DBDA21F47478F001167E2 /* Info.plist */,
			);
			path = AppGestureUITests;
			sourceTree = "<group>";
		};
/* End PBXGroup section */

/* Begin PBXNativeTarget section */
		3A2DBD7C1F47478F001167E2 /* AppGesture */ = {
			isa = PBXNativeTarget;
			buildConfigurationList = 3A2DBDA51F47478F001167E2 /* Build configuration list for PBXNativeTarget "AppGesture" */;
			buildPhases = (
				3A2DBD791F47478F001167E2 /* Sources */,
				3A2DBD7A1F47478F001167E2 /* Frameworks */,
				3A2DBD7B1F47478F001167E2 /* Resources */,
			);
			buildRules = (
			);
			dependencies = (
			);
			name = AppGesture;
			productName = AppGesture;
			productReference = 3A2DBD7D1F47478F001167E2 /* AppGesture.app */;
			productType = "com.apple.product-type.application";
		};
		3A2DBD901F47478F001167E2 /* AppGestureTests */ = {
			isa = PBXNativeTarget;
			buildConfigurationList = 3A2DBDA81F47478F001167E2 /* Build configuration list for PBXNativeTarget "AppGestureTests" */;
			buildPhases = (
				3A2DBD8D1F47478F001167E2 /* Sources */,
				3A2DBD8E1F47478F001167E2 /* Frameworks */,
				3A2DBD8F1F47478F001167E2 /* Resources */,
			);
			buildRules = (
			);
			dependencies = (
				3A2DBD931F47478F001167E2 /* PBXTargetDependency */,
			);
			name = AppGestureTests;
			productName = AppGestureTests;
			productReference = 3A2DBD911F47478F001167E2 /* AppGestureTests.xctest */;
			productType = "com.apple.product-type.bundle.unit-test";
		};
		3A2DBD9B1F47478F001167E2 /* AppGestureUITests */ = {
			isa = PBXNativeTarget;
			buildConfigurationList = 3A2DBDAB1F47478F001167E2 /* Build configuration list for PBXNativeTarget "AppGestureUITests" */;
			buildPhases = (
				3A2DBD981F47478F001167E2 /* Sources */,
				3A2DBD991F47478F001167E2 /* Frameworks */,
				3A2DBD9A1F47478F001167E2 /* Resources */,
			);
			buildRules = (
			);
			dependencies = (
				3A2DBD9E1F47478F001167E2 /* PBXTargetDependency */,
			);
			name = AppGestureUITests;
			productName = AppGestureUITests;
			productReference = 3A2DBD9C1F47478F001167E2 /* AppGestureUITests.xctest */;
			productType = "com.apple.product-type.bundle.ui-testing";
		};
/* End PBXNativeTarget section */

/* Begin PBXProject section */
		3A2DBD751F47478F001167E2 /* Project object */ = {
			isa = PBXProject;
			attributes = {
				LastSwiftUpdateCheck = 0830;
				LastUpgradeCheck = 0830;
				ORGANIZATIONNAME = "Karlo Beas";
				TargetAttributes = {
					3A2DBD7C1F47478F001167E2 = {
						CreatedOnToolsVersion = 8.3.3;
						DevelopmentTeam = PBTTFA86AJ;
						ProvisioningStyle = Automatic;
					};
					3A2DBD901F47478F001167E2 = {
						CreatedOnToolsVersion = 8.3.3;
						DevelopmentTeam = PBTTFA86AJ;
						ProvisioningStyle = Automatic;
						TestTargetID = 3A2DBD7C1F47478F001167E2;
					};
					3A2DBD9B1F47478F001167E2 = {
						CreatedOnToolsVersion = 8.3.3;
						DevelopmentTeam = PBTTFA86AJ;
						ProvisioningStyle = Automatic;
						TestTargetID = 3A2DBD7C1F47478F001167E2;
					};
				};
			};
			buildConfigurationList = 3A2DBD781F47478F001167E2 /* Build configuration list for PBXProject "AppGesture" */;
			compatibilityVersion = "Xcode 3.2";
			developmentRegion = English;
			hasScannedForEncodings = 0;
			knownRegions = (
				en,
				Base,
			);
			mainGroup = 3A2DBD741F47478F001167E2;
			productRefGroup = 3A2DBD7E1F47478F001167E2 /* Products */;
			projectDirPath = "";
			projectRoot = "";
			targets = (
				3A2DBD7C1F47478F001167E2 /* AppGesture */,
				3A2DBD901F47478F001167E2 /* AppGestureTests */,
				3A2DBD9B1F47478F001167E2 /* AppGestureUITests */,
			);
		};
/* End PBXProject section */

/* Begin PBXResourcesBuildPhase section */
		3A2DBD7B1F47478F001167E2 /* Resources */ = {
			isa = PBXResourcesBuildPhase;
			buildActionMask = 2147483647;
			files = (
				3A2DBD8B1F47478F001167E2 /* LaunchScreen.storyboard in Resources */,
				3A2DBD881F47478F001167E2 /* Assets.xcassets in Resources */,
				3A2DBD861F47478F001167E2 /* Main.storyboard in Resources */,
			);
			runOnlyForDeploymentPostprocessing = 0;
		};
		3A2DBD8F1F47478F001167E2 /* Resources */ = {
			isa = PBXResourcesBuildPhase;
			buildActionMask = 2147483647;
			files = (
			);
			runOnlyForDeploymentPostprocessing = 0;
		};
		3A2DBD9A1F47478F001167E2 /* Resources */ = {
			isa = PBXResourcesBuildPhase;
			buildActionMask = 2147483647;
			files = (
			);
			runOnlyForDeploymentPostprocessing = 0;
		};
/* End PBXResourcesBuildPhase section */

/* Begin PBXSourcesBuildPhase section */
		3A2DBD791F47478F001167E2 /* Sources */ = {
			isa = PBXSourcesBuildPhase;
			buildActionMask = 2147483647;
			files = (
				3A2DBD831F47478F001167E2 /* ViewController.swift in Sources */,
				3A2DBD811F47478F001167E2 /* AppDelegate.swift in Sources */,
			);
			runOnlyForDeploymentPostprocessing = 0;
		};
		3A2DBD8D1F47478F001167E2 /* Sources */ = {
			isa = PBXSourcesBuildPhase;
			buildActionMask = 2147483647;
			files = (
				3A2DBD961F47478F001167E2 /* AppGestureTests.swift in Sources */,
			);
			runOnlyForDeploymentPostprocessing = 0;
		};
		3A2DBD981F47478F001167E2 /* Sources */ = {
			isa = PBXSourcesBuildPhase;
			buildActionMask = 2147483647;
			files = (
				3A2DBDA11F47478F001167E2 /* AppGestureUITests.swift in Sources */,
			);
			runOnlyForDeploymentPostprocessing = 0;
		};
/* End PBXSourcesBuildPhase section */

/* Begin PBXTargetDependency section */
		3A2DBD931F47478F001167E2 /* PBXTargetDependency */ = {
			isa = PBXTargetDependency;
			target = 3A2DBD7C1F47478F001167E2 /* AppGesture */;
			targetProxy = 3A2DBD921F47478F001167E2 /* PBXContainerItemProxy */;
		};
		3A2DBD9E1F47478F001167E2 /* PBXTargetDependency */ = {
			isa = PBXTargetDependency;
			target = 3A2DBD7C1F47478F001167E2 /* AppGesture */;
			targetProxy = 3A2DBD9D1F47478F001167E2 /* PBXContainerItemProxy */;
		};
/* End PBXTargetDependency section */

/* Begin PBXVariantGroup section */
		3A2DBD841F47478F001167E2 /* Main.storyboard */ = {
			isa = PBXVariantGroup;
			children = (
				3A2DBD851F47478F001167E2 /* Base */,
			);
			name = Main.storyboard;
			sourceTree = "<group>";
		};
		3A2DBD891F47478F001167E2 /* LaunchScreen.storyboard */ = {
			isa = PBXVariantGroup;
			children = (
				3A2DBD8A1F47478F001167E2 /* Base */,
			);
			name = LaunchScreen.storyboard;
			sourceTree = "<group>";
		};
/* End PBXVariantGroup section */

/* Begin XCBuildConfiguration section */
		3A2DBDA31F47478F001167E2 /* Debug */ = {
			isa = XCBuildConfiguration;
			buildSettings = {
				ALWAYS_SEARCH_USER_PATHS = NO;
				CLANG_ANALYZER_NONNULL = YES;
				CLANG_ANALYZER_NUMBER_OBJECT_CONVERSION = YES_AGGRESSIVE;
				CLANG_CXX_LANGUAGE_STANDARD = "gnu++0x";
				CLANG_CXX_LIBRARY = "libc++";
				CLANG_ENABLE_MODULES = YES;
				CLANG_ENABLE_OBJC_ARC = YES;
				CLANG_WARN_BOOL_CONVERSION = YES;
				CLANG_WARN_CONSTANT_CONVERSION = YES;
				CLANG_WARN_DIRECT_OBJC_ISA_USAGE = YES_ERROR;
				CLANG_WARN_DOCUMENTATION_COMMENTS = YES;
				CLANG_WARN_EMPTY_BODY = YES;
				CLANG_WARN_ENUM_CONVERSION = YES;
				CLANG_WARN_INFINITE_RECURSION = YES;
				CLANG_WARN_INT_CONVERSION = YES;
				CLANG_WARN_OBJC_ROOT_CLASS = YES_ERROR;
				CLANG_WARN_SUSPICIOUS_MOVE = YES;
				CLANG_WARN_UNREACHABLE_CODE = YES;
				CLANG_WARN__DUPLICATE_METHOD_MATCH = YES;
				"CODE_SIGN_IDENTITY[sdk=iphoneos*]" = "iPhone Developer";
				COPY_PHASE_STRIP = NO;
				DEBUG_INFORMATION_FORMAT = dwarf;
				ENABLE_STRICT_OBJC_MSGSEND = YES;
				ENABLE_TESTABILITY = YES;
				GCC_C_LANGUAGE_STANDARD = gnu99;
				GCC_DYNAMIC_NO_PIC = NO;
				GCC_NO_COMMON_BLOCKS = YES;
				GCC_OPTIMIZATION_LEVEL = 0;
				GCC_PREPROCESSOR_DEFINITIONS = (
					"DEBUG=1",
					"$(inherited)",
				);
				GCC_WARN_64_TO_32_BIT_CONVERSION = YES;
				GCC_WARN_ABOUT_RETURN_TYPE = YES_ERROR;
				GCC_WARN_UNDECLARED_SELECTOR = YES;
				GCC_WARN_UNINITIALIZED_AUTOS = YES_AGGRESSIVE;
				GCC_WARN_UNUSED_FUNCTION = YES;
				GCC_WARN_UNUSED_VARIABLE = YES;
				IPHONEOS_DEPLOYMENT_TARGET = 10.3;
				MTL_ENABLE_DEBUG_INFO = YES;
				ONLY_ACTIVE_ARCH = YES;
				SDKROOT = iphoneos;
				SWIFT_ACTIVE_COMPILATION_CONDITIONS = DEBUG;
				SWIFT_OPTIMIZATION_LEVEL = "-Onone";
			};
			name = Debug;
		};
		3A2DBDA41F47478F001167E2 /* Release */ = {
			isa = XCBuildConfiguration;
			buildSettings = {
				ALWAYS_SEARCH_USER_PATHS = NO;
				CLANG_ANALYZER_NONNULL = YES;
				CLANG_ANALYZER_NUMBER_OBJECT_CONVERSION = YES_AGGRESSIVE;
				CLANG_CXX_LANGUAGE_STANDARD = "gnu++0x";
				CLANG_CXX_LIBRARY = "libc++";
				CLANG_ENABLE_MODULES = YES;
				CLANG_ENABLE_OBJC_ARC = YES;
				CLANG_WARN_BOOL_CONVERSION = YES;
				CLANG_WARN_CONSTANT_CONVERSION = YES;
				CLANG_WARN_DIRECT_OBJC_ISA_USAGE = YES_ERROR;
				CLANG_WARN_DOCUMENTATION_COMMENTS = YES;
				CLANG_WARN_EMPTY_BODY = YES;
				CLANG_WARN_ENUM_CONVERSION = YES;
				CLANG_WARN_INFINITE_RECURSION = YES;
				CLANG_WARN_INT_CONVERSION = YES;
				CLANG_WARN_OBJC_ROOT_CLASS = YES_ERROR;
				CLANG_WARN_SUSPICIOUS_MOVE = YES;
				CLANG_WARN_UNREACHABLE_CODE = YES;
				CLANG_WARN__DUPLICATE_METHOD_MATCH = YES;
				"CODE_SIGN_IDENTITY[sdk=iphoneos*]" = "iPhone Developer";
				COPY_PHASE_STRIP = NO;
				DEBUG_INFORMATION_FORMAT = "dwarf-with-dsym";
				ENABLE_NS_ASSERTIONS = NO;
				ENABLE_STRICT_OBJC_MSGSEND = YES;
				GCC_C_LANGUAGE_STANDARD = gnu99;
				GCC_NO_COMMON_BLOCKS = YES;
				GCC_WARN_64_TO_32_BIT_CONVERSION = YES;
				GCC_WARN_ABOUT_RETURN_TYPE = YES_ERROR;
				GCC_WARN_UNDECLARED_SELECTOR = YES;
				GCC_WARN_UNINITIALIZED_AUTOS = YES_AGGRESSIVE;
				GCC_WARN_UNUSED_FUNCTION = YES;
				GCC_WARN_UNUSED_VARIABLE = YES;
				IPHONEOS_DEPLOYMENT_TARGET = 10.3;
				MTL_ENABLE_DEBUG_INFO = NO;
				SDKROOT = iphoneos;
				SWIFT_OPTIMIZATION_LEVEL = "-Owholemodule";
				VALIDATE_PRODUCT = YES;
			};
			name = Release;
		};
		3A2DBDA61F47478F001167E2 /* Debug */ = {
			isa = XCBuildConfiguration;
			buildSettings = {
				ASSETCATALOG_COMPILER_APPICON_NAME = AppIcon;
				DEVELOPMENT_TEAM = PBTTFA86AJ;
				INFOPLIST_FILE = AppGesture/Info.plist;
				LD_RUNPATH_SEARCH_PATHS = "$(inherited) @executable_path/Frameworks";
				PRODUCT_BUNDLE_IDENTIFIER = AppGesture.AppGesture;
				PRODUCT_NAME = "$(TARGET_NAME)";
				SWIFT_VERSION = 3.0;
			};
			name = Debug;
		};
		3A2DBDA71F47478F001167E2 /* Release */ = {
			isa = XCBuildConfiguration;
			buildSettings = {
				ASSETCATALOG_COMPILER_APPICON_NAME = AppIcon;
				DEVELOPMENT_TEAM = PBTTFA86AJ;
				INFOPLIST_FILE = AppGesture/Info.plist;
				LD_RUNPATH_SEARCH_PATHS = "$(inherited) @executable_path/Frameworks";
				PRODUCT_BUNDLE_IDENTIFIER = AppGesture.AppGesture;
				PRODUCT_NAME = "$(TARGET_NAME)";
				SWIFT_VERSION = 3.0;
			};
			name = Release;
		};
		3A2DBDA91F47478F001167E2 /* Debug */ = {
			isa = XCBuildConfiguration;
			buildSettings = {
				ALWAYS_EMBED_SWIFT_STANDARD_LIBRARIES = YES;
				BUNDLE_LOADER = "$(TEST_HOST)";
				DEVELOPMENT_TEAM = PBTTFA86AJ;
				INFOPLIST_FILE = AppGestureTests/Info.plist;
				LD_RUNPATH_SEARCH_PATHS = "$(inherited) @executable_path/Frameworks @loader_path/Frameworks";
				PRODUCT_BUNDLE_IDENTIFIER = AppGesture.AppGestureTests;
				PRODUCT_NAME = "$(TARGET_NAME)";
				SWIFT_VERSION = 3.0;
				TEST_HOST = "$(BUILT_PRODUCTS_DIR)/AppGesture.app/AppGesture";
			};
			name = Debug;
		};
		3A2DBDAA1F47478F001167E2 /* Release */ = {
			isa = XCBuildConfiguration;
			buildSettings = {
				ALWAYS_EMBED_SWIFT_STANDARD_LIBRARIES = YES;
				BUNDLE_LOADER = "$(TEST_HOST)";
				DEVELOPMENT_TEAM = PBTTFA86AJ;
				INFOPLIST_FILE = AppGestureTests/Info.plist;
				LD_RUNPATH_SEARCH_PATHS = "$(inherited) @executable_path/Frameworks @loader_path/Frameworks";
				PRODUCT_BUNDLE_IDENTIFIER = AppGesture.AppGestureTests;
				PRODUCT_NAME = "$(TARGET_NAME)";
				SWIFT_VERSION = 3.0;
				TEST_HOST = "$(BUILT_PRODUCTS_DIR)/AppGesture.app/AppGesture";
			};
			name = Release;
		};
		3A2DBDAC1F47478F001167E2 /* Debug */ = {
			isa = XCBuildConfiguration;
			buildSettings = {
				ALWAYS_EMBED_SWIFT_STANDARD_LIBRARIES = YES;
				DEVELOPMENT_TEAM = PBTTFA86AJ;
				INFOPLIST_FILE = AppGestureUITests/Info.plist;
				LD_RUNPATH_SEARCH_PATHS = "$(inherited) @executable_path/Frameworks @loader_path/Frameworks";
				PRODUCT_BUNDLE_IDENTIFIER = AppGesture.AppGestureUITests;
				PRODUCT_NAME = "$(TARGET_NAME)";
				SWIFT_VERSION = 3.0;
				TEST_TARGET_NAME = AppGesture;
			};
			name = Debug;
		};
		3A2DBDAD1F47478F001167E2 /* Release */ = {
			isa = XCBuildConfiguration;
			buildSettings = {
				ALWAYS_EMBED_SWIFT_STANDARD_LIBRARIES = YES;
				DEVELOPMENT_TEAM = PBTTFA86AJ;
				INFOPLIST_FILE = AppGestureUITests/Info.plist;
				LD_RUNPATH_SEARCH_PATHS = "$(inherited) @executable_path/Frameworks @loader_path/Frameworks";
				PRODUCT_BUNDLE_IDENTIFIER = AppGesture.AppGestureUITests;
				PRODUCT_NAME = "$(TARGET_NAME)";
				SWIFT_VERSION = 3.0;
				TEST_TARGET_NAME = AppGesture;
			};
			name = Release;
		};
/* End XCBuildConfiguration section */

/* Begin XCConfigurationList section */
		3A2DBD781F47478F001167E2 /* Build configuration list for PBXProject "AppGesture" */ = {
			isa = XCConfigurationList;
			buildConfigurations = (
				3A2DBDA31F47478F001167E2 /* Debug */,
				3A2DBDA41F47478F001167E2 /* Release */,
			);
			defaultConfigurationIsVisible = 0;
			defaultConfigurationName = Release;
		};
		3A2DBDA51F47478F001167E2 /* Build configuration list for PBXNativeTarget "AppGesture" */ = {
			isa = XCConfigurationList;
			buildConfigurations = (
				3A2DBDA61F47478F001167E2 /* Debug */,
				3A2DBDA71F47478F001167E2 /* Release */,
			);
			defaultConfigurationIsVisible = 0;
		};
		3A2DBDA81F47478F001167E2 /* Build configuration list for PBXNativeTarget "AppGestureTests" */ = {
			isa = XCConfigurationList;
			buildConfigurations = (
				3A2DBDA91F47478F001167E2 /* Debug */,
				3A2DBDAA1F47478F001167E2 /* Release */,
			);
			defaultConfigurationIsVisible = 0;
		};
		3A2DBDAB1F47478F001167E2 /* Build configuration list for PBXNativeTarget "AppGestureUITests" */ = {
			isa = XCConfigurationList;
			buildConfigurations = (
				3A2DBDAC1F47478F001167E2 /* Debug */,
				3A2DBDAD1F47478F001167E2 /* Release */,
			);
			defaultConfigurationIsVisible = 0;
		};
/* End XCConfigurationList section */
	};
	rootObject = 3A2DBD751F47478F001167E2 /* Project object */;
}
